// !$*UTF8*$!
{
	archiveVersion = 1;
	classes = {
	};
	objectVersion = 46;
	objects = {

/* Begin PBXBuildFile section */
		846F676C17E064CE00CCBAA0 /* UIKit.framework in Frameworks */ = {isa = PBXBuildFile; fileRef = 846F676B17E064CE00CCBAA0 /* UIKit.framework */; };
		846F676E17E064CE00CCBAA0 /* Foundation.framework in Frameworks */ = {isa = PBXBuildFile; fileRef = 846F676D17E064CE00CCBAA0 /* Foundation.framework */; };
		846F677017E064CE00CCBAA0 /* CoreGraphics.framework in Frameworks */ = {isa = PBXBuildFile; fileRef = 846F676F17E064CE00CCBAA0 /* CoreGraphics.framework */; };
		846F677617E064CE00CCBAA0 /* InfoPlist.strings in Resources */ = {isa = PBXBuildFile; fileRef = 846F677417E064CE00CCBAA0 /* InfoPlist.strings */; };
		846F677817E064CE00CCBAA0 /* main.m in Sources */ = {isa = PBXBuildFile; fileRef = 846F677717E064CE00CCBAA0 /* main.m */; };
		846F677C17E064CE00CCBAA0 /* AppDelegate.m in Sources */ = {isa = PBXBuildFile; fileRef = 846F677B17E064CE00CCBAA0 /* AppDelegate.m */; };
		846F678517E064CE00CCBAA0 /* ViewController.m in Sources */ = {isa = PBXBuildFile; fileRef = 846F678417E064CE00CCBAA0 /* ViewController.m */; };
		846F678817E064CE00CCBAA0 /* ViewController.xib in Resources */ = {isa = PBXBuildFile; fileRef = 846F678617E064CE00CCBAA0 /* ViewController.xib */; };
		8489CA4217E108E800C215D2 /* LabelThin.m in Sources */ = {isa = PBXBuildFile; fileRef = 8489CA4117E108E800C215D2 /* LabelThin.m */; };
		8489CC3617E1226D00C215D2 /* SystemConfiguration.framework in Frameworks */ = {isa = PBXBuildFile; fileRef = 8489CC3517E1226D00C215D2 /* SystemConfiguration.framework */; };
		8489CC3817E1227E00C215D2 /* Security.framework in Frameworks */ = {isa = PBXBuildFile; fileRef = 8489CC3717E1227E00C215D2 /* Security.framework */; };
		8489CC4017E1276600C215D2 /* QuartzCore.framework in Frameworks */ = {isa = PBXBuildFile; fileRef = 8489CC3F17E1276600C215D2 /* QuartzCore.framework */; };
		8489CC4217E1278900C215D2 /* AdSupport.framework in Frameworks */ = {isa = PBXBuildFile; fileRef = 8489CC4117E1278900C215D2 /* AdSupport.framework */; settings = {ATTRIBUTES = (Weak, ); }; };
		8489CC4417E1279300C215D2 /* StoreKit.framework in Frameworks */ = {isa = PBXBuildFile; fileRef = 8489CC4317E1279300C215D2 /* StoreKit.framework */; settings = {ATTRIBUTES = (Weak, ); }; };
		84A4DCC817E1DDA600E75D27 /* main.m in Sources */ = {isa = PBXBuildFile; fileRef = 846F677717E064CE00CCBAA0 /* main.m */; };
		84A4DCC917E1DDA600E75D27 /* AppDelegate.m in Sources */ = {isa = PBXBuildFile; fileRef = 846F677B17E064CE00CCBAA0 /* AppDelegate.m */; };
		84A4DCCA17E1DDA600E75D27 /* ViewController.m in Sources */ = {isa = PBXBuildFile; fileRef = 846F678417E064CE00CCBAA0 /* ViewController.m */; };
		84A4DCCB17E1DDA600E75D27 /* LabelThin.m in Sources */ = {isa = PBXBuildFile; fileRef = 8489CA4117E108E800C215D2 /* LabelThin.m */; };
		84A4DCCD17E1DDA600E75D27 /* StoreKit.framework in Frameworks */ = {isa = PBXBuildFile; fileRef = 8489CC4317E1279300C215D2 /* StoreKit.framework */; settings = {ATTRIBUTES = (Weak, ); }; };
		84A4DCCE17E1DDA600E75D27 /* AdSupport.framework in Frameworks */ = {isa = PBXBuildFile; fileRef = 8489CC4117E1278900C215D2 /* AdSupport.framework */; settings = {ATTRIBUTES = (Weak, ); }; };
		84A4DCCF17E1DDA600E75D27 /* QuartzCore.framework in Frameworks */ = {isa = PBXBuildFile; fileRef = 8489CC3F17E1276600C215D2 /* QuartzCore.framework */; };
		84A4DCD017E1DDA600E75D27 /* CoreGraphics.framework in Frameworks */ = {isa = PBXBuildFile; fileRef = 846F676F17E064CE00CCBAA0 /* CoreGraphics.framework */; };
		84A4DCD117E1DDA600E75D27 /* Security.framework in Frameworks */ = {isa = PBXBuildFile; fileRef = 8489CC3717E1227E00C215D2 /* Security.framework */; };
		84A4DCD217E1DDA600E75D27 /* SystemConfiguration.framework in Frameworks */ = {isa = PBXBuildFile; fileRef = 8489CC3517E1226D00C215D2 /* SystemConfiguration.framework */; };
		84A4DCD317E1DDA600E75D27 /* MessageUI.framework in Frameworks */ = {isa = PBXBuildFile; fileRef = 84BB262F17E07E5700910AC2 /* MessageUI.framework */; };
		84A4DCD417E1DDA600E75D27 /* UIKit.framework in Frameworks */ = {isa = PBXBuildFile; fileRef = 846F676B17E064CE00CCBAA0 /* UIKit.framework */; };
		84A4DCD517E1DDA600E75D27 /* Foundation.framework in Frameworks */ = {isa = PBXBuildFile; fileRef = 846F676D17E064CE00CCBAA0 /* Foundation.framework */; };
		84A4DCDA17E1DDA600E75D27 /* InfoPlist.strings in Resources */ = {isa = PBXBuildFile; fileRef = 846F677417E064CE00CCBAA0 /* InfoPlist.strings */; };
		84A4DCDE17E1DDA600E75D27 /* ViewController.xib in Resources */ = {isa = PBXBuildFile; fileRef = 846F678617E064CE00CCBAA0 /* ViewController.xib */; };
		84A4DCED17E1E5AF00E75D27 /* main.m in Sources */ = {isa = PBXBuildFile; fileRef = 846F677717E064CE00CCBAA0 /* main.m */; };
		84A4DCEE17E1E5AF00E75D27 /* AppDelegate.m in Sources */ = {isa = PBXBuildFile; fileRef = 846F677B17E064CE00CCBAA0 /* AppDelegate.m */; };
		84A4DCEF17E1E5AF00E75D27 /* ViewController.m in Sources */ = {isa = PBXBuildFile; fileRef = 846F678417E064CE00CCBAA0 /* ViewController.m */; };
		84A4DCF017E1E5AF00E75D27 /* LabelThin.m in Sources */ = {isa = PBXBuildFile; fileRef = 8489CA4117E108E800C215D2 /* LabelThin.m */; };
		84A4DCF217E1E5AF00E75D27 /* StoreKit.framework in Frameworks */ = {isa = PBXBuildFile; fileRef = 8489CC4317E1279300C215D2 /* StoreKit.framework */; settings = {ATTRIBUTES = (Weak, ); }; };
		84A4DCF317E1E5AF00E75D27 /* AdSupport.framework in Frameworks */ = {isa = PBXBuildFile; fileRef = 8489CC4117E1278900C215D2 /* AdSupport.framework */; settings = {ATTRIBUTES = (Weak, ); }; };
		84A4DCF417E1E5AF00E75D27 /* QuartzCore.framework in Frameworks */ = {isa = PBXBuildFile; fileRef = 8489CC3F17E1276600C215D2 /* QuartzCore.framework */; };
		84A4DCF517E1E5AF00E75D27 /* CoreGraphics.framework in Frameworks */ = {isa = PBXBuildFile; fileRef = 846F676F17E064CE00CCBAA0 /* CoreGraphics.framework */; };
		84A4DCF617E1E5AF00E75D27 /* Security.framework in Frameworks */ = {isa = PBXBuildFile; fileRef = 8489CC3717E1227E00C215D2 /* Security.framework */; };
		84A4DCF717E1E5AF00E75D27 /* SystemConfiguration.framework in Frameworks */ = {isa = PBXBuildFile; fileRef = 8489CC3517E1226D00C215D2 /* SystemConfiguration.framework */; };
		84A4DCF817E1E5AF00E75D27 /* MessageUI.framework in Frameworks */ = {isa = PBXBuildFile; fileRef = 84BB262F17E07E5700910AC2 /* MessageUI.framework */; };
		84A4DCF917E1E5AF00E75D27 /* UIKit.framework in Frameworks */ = {isa = PBXBuildFile; fileRef = 846F676B17E064CE00CCBAA0 /* UIKit.framework */; };
		84A4DCFA17E1E5AF00E75D27 /* Foundation.framework in Frameworks */ = {isa = PBXBuildFile; fileRef = 846F676D17E064CE00CCBAA0 /* Foundation.framework */; };
		84A4DCFF17E1E5AF00E75D27 /* InfoPlist.strings in Resources */ = {isa = PBXBuildFile; fileRef = 846F677417E064CE00CCBAA0 /* InfoPlist.strings */; };
		84A4DD0317E1E5AF00E75D27 /* ViewController.xib in Resources */ = {isa = PBXBuildFile; fileRef = 846F678617E064CE00CCBAA0 /* ViewController.xib */; };
		84A4DD1217E1E5B300E75D27 /* main.m in Sources */ = {isa = PBXBuildFile; fileRef = 846F677717E064CE00CCBAA0 /* main.m */; };
		84A4DD1317E1E5B300E75D27 /* AppDelegate.m in Sources */ = {isa = PBXBuildFile; fileRef = 846F677B17E064CE00CCBAA0 /* AppDelegate.m */; };
		84A4DD1417E1E5B300E75D27 /* ViewController.m in Sources */ = {isa = PBXBuildFile; fileRef = 846F678417E064CE00CCBAA0 /* ViewController.m */; };
		84A4DD1517E1E5B300E75D27 /* LabelThin.m in Sources */ = {isa = PBXBuildFile; fileRef = 8489CA4117E108E800C215D2 /* LabelThin.m */; };
		84A4DD1717E1E5B300E75D27 /* StoreKit.framework in Frameworks */ = {isa = PBXBuildFile; fileRef = 8489CC4317E1279300C215D2 /* StoreKit.framework */; settings = {ATTRIBUTES = (Weak, ); }; };
		84A4DD1817E1E5B300E75D27 /* AdSupport.framework in Frameworks */ = {isa = PBXBuildFile; fileRef = 8489CC4117E1278900C215D2 /* AdSupport.framework */; settings = {ATTRIBUTES = (Weak, ); }; };
		84A4DD1917E1E5B300E75D27 /* QuartzCore.framework in Frameworks */ = {isa = PBXBuildFile; fileRef = 8489CC3F17E1276600C215D2 /* QuartzCore.framework */; };
		84A4DD1A17E1E5B300E75D27 /* CoreGraphics.framework in Frameworks */ = {isa = PBXBuildFile; fileRef = 846F676F17E064CE00CCBAA0 /* CoreGraphics.framework */; };
		84A4DD1B17E1E5B300E75D27 /* Security.framework in Frameworks */ = {isa = PBXBuildFile; fileRef = 8489CC3717E1227E00C215D2 /* Security.framework */; };
		84A4DD1C17E1E5B300E75D27 /* SystemConfiguration.framework in Frameworks */ = {isa = PBXBuildFile; fileRef = 8489CC3517E1226D00C215D2 /* SystemConfiguration.framework */; };
		84A4DD1D17E1E5B300E75D27 /* MessageUI.framework in Frameworks */ = {isa = PBXBuildFile; fileRef = 84BB262F17E07E5700910AC2 /* MessageUI.framework */; };
		84A4DD1E17E1E5B300E75D27 /* UIKit.framework in Frameworks */ = {isa = PBXBuildFile; fileRef = 846F676B17E064CE00CCBAA0 /* UIKit.framework */; };
		84A4DD1F17E1E5B300E75D27 /* Foundation.framework in Frameworks */ = {isa = PBXBuildFile; fileRef = 846F676D17E064CE00CCBAA0 /* Foundation.framework */; };
		84A4DD2417E1E5B300E75D27 /* InfoPlist.strings in Resources */ = {isa = PBXBuildFile; fileRef = 846F677417E064CE00CCBAA0 /* InfoPlist.strings */; };
		84A4DD2817E1E5B300E75D27 /* ViewController.xib in Resources */ = {isa = PBXBuildFile; fileRef = 846F678617E064CE00CCBAA0 /* ViewController.xib */; };
		84A4DD5B17E1E63200E75D27 /* main.m in Sources */ = {isa = PBXBuildFile; fileRef = 846F677717E064CE00CCBAA0 /* main.m */; };
		84A4DD5C17E1E63200E75D27 /* AppDelegate.m in Sources */ = {isa = PBXBuildFile; fileRef = 846F677B17E064CE00CCBAA0 /* AppDelegate.m */; };
		84A4DD5D17E1E63200E75D27 /* ViewController.m in Sources */ = {isa = PBXBuildFile; fileRef = 846F678417E064CE00CCBAA0 /* ViewController.m */; };
		84A4DD5E17E1E63200E75D27 /* LabelThin.m in Sources */ = {isa = PBXBuildFile; fileRef = 8489CA4117E108E800C215D2 /* LabelThin.m */; };
		84A4DD6017E1E63200E75D27 /* StoreKit.framework in Frameworks */ = {isa = PBXBuildFile; fileRef = 8489CC4317E1279300C215D2 /* StoreKit.framework */; settings = {ATTRIBUTES = (Weak, ); }; };
		84A4DD6117E1E63200E75D27 /* AdSupport.framework in Frameworks */ = {isa = PBXBuildFile; fileRef = 8489CC4117E1278900C215D2 /* AdSupport.framework */; settings = {ATTRIBUTES = (Weak, ); }; };
		84A4DD6217E1E63200E75D27 /* QuartzCore.framework in Frameworks */ = {isa = PBXBuildFile; fileRef = 8489CC3F17E1276600C215D2 /* QuartzCore.framework */; };
		84A4DD6317E1E63200E75D27 /* CoreGraphics.framework in Frameworks */ = {isa = PBXBuildFile; fileRef = 846F676F17E064CE00CCBAA0 /* CoreGraphics.framework */; };
		84A4DD6417E1E63200E75D27 /* Security.framework in Frameworks */ = {isa = PBXBuildFile; fileRef = 8489CC3717E1227E00C215D2 /* Security.framework */; };
		84A4DD6517E1E63200E75D27 /* SystemConfiguration.framework in Frameworks */ = {isa = PBXBuildFile; fileRef = 8489CC3517E1226D00C215D2 /* SystemConfiguration.framework */; };
		84A4DD6617E1E63200E75D27 /* MessageUI.framework in Frameworks */ = {isa = PBXBuildFile; fileRef = 84BB262F17E07E5700910AC2 /* MessageUI.framework */; };
		84A4DD6717E1E63200E75D27 /* UIKit.framework in Frameworks */ = {isa = PBXBuildFile; fileRef = 846F676B17E064CE00CCBAA0 /* UIKit.framework */; };
		84A4DD6817E1E63200E75D27 /* Foundation.framework in Frameworks */ = {isa = PBXBuildFile; fileRef = 846F676D17E064CE00CCBAA0 /* Foundation.framework */; };
		84A4DD6D17E1E63200E75D27 /* InfoPlist.strings in Resources */ = {isa = PBXBuildFile; fileRef = 846F677417E064CE00CCBAA0 /* InfoPlist.strings */; };
		84A4DD7117E1E63200E75D27 /* ViewController.xib in Resources */ = {isa = PBXBuildFile; fileRef = 846F678617E064CE00CCBAA0 /* ViewController.xib */; };
		84BB263017E07E5700910AC2 /* MessageUI.framework in Frameworks */ = {isa = PBXBuildFile; fileRef = 84BB262F17E07E5700910AC2 /* MessageUI.framework */; };
		84C1957117E341A10054B7C0 /* BraggingRightsBlack-Info.plist in Resources */ = {isa = PBXBuildFile; fileRef = 84C1956B17E341A10054B7C0 /* BraggingRightsBlack-Info.plist */; };
		84C1957517E341A10054B7C0 /* BraggingRightsBronze-Info.plist in Resources */ = {isa = PBXBuildFile; fileRef = 84C1956C17E341A10054B7C0 /* BraggingRightsBronze-Info.plist */; };
		84C1957E17E341A10054B7C0 /* BraggingRightsGold-Info.plist in Resources */ = {isa = PBXBuildFile; fileRef = 84C1956D17E341A10054B7C0 /* BraggingRightsGold-Info.plist */; };
		84C1958217E341A10054B7C0 /* BraggingRightsPlatinum-Info.plist in Resources */ = {isa = PBXBuildFile; fileRef = 84C1956E17E341A10054B7C0 /* BraggingRightsPlatinum-Info.plist */; };
		84C1958617E341A10054B7C0 /* BraggingRightsSilver-Info.plist in Resources */ = {isa = PBXBuildFile; fileRef = 84C1956F17E341A10054B7C0 /* BraggingRightsSilver-Info.plist */; };
		84C1958A17E342180054B7C0 /* FacebookSDK.framework in Frameworks */ = {isa = PBXBuildFile; fileRef = 84C1958917E342180054B7C0 /* FacebookSDK.framework */; };
		84C1958B17E342180054B7C0 /* FacebookSDK.framework in Frameworks */ = {isa = PBXBuildFile; fileRef = 84C1958917E342180054B7C0 /* FacebookSDK.framework */; };
		84C1958C17E342180054B7C0 /* FacebookSDK.framework in Frameworks */ = {isa = PBXBuildFile; fileRef = 84C1958917E342180054B7C0 /* FacebookSDK.framework */; };
		84C1958D17E342180054B7C0 /* FacebookSDK.framework in Frameworks */ = {isa = PBXBuildFile; fileRef = 84C1958917E342180054B7C0 /* FacebookSDK.framework */; };
		84C1958E17E342180054B7C0 /* FacebookSDK.framework in Frameworks */ = {isa = PBXBuildFile; fileRef = 84C1958917E342180054B7C0 /* FacebookSDK.framework */; };
		84C1959617E342300054B7C0 /* libChartboost.a in Frameworks */ = {isa = PBXBuildFile; fileRef = 84C1959117E342300054B7C0 /* libChartboost.a */; };
		84C1959717E342310054B7C0 /* libChartboost.a in Frameworks */ = {isa = PBXBuildFile; fileRef = 84C1959117E342300054B7C0 /* libChartboost.a */; };
		84C1959817E342310054B7C0 /* libChartboost.a in Frameworks */ = {isa = PBXBuildFile; fileRef = 84C1959117E342300054B7C0 /* libChartboost.a */; };
		84C1959917E342310054B7C0 /* libChartboost.a in Frameworks */ = {isa = PBXBuildFile; fileRef = 84C1959117E342300054B7C0 /* libChartboost.a */; };
		84C1959A17E342310054B7C0 /* libChartboost.a in Frameworks */ = {isa = PBXBuildFile; fileRef = 84C1959117E342300054B7C0 /* libChartboost.a */; };
		84C1959B17E342310054B7C0 /* README.md in Resources */ = {isa = PBXBuildFile; fileRef = 84C1959217E342300054B7C0 /* README.md */; };
		84C1959C17E342310054B7C0 /* README.md in Resources */ = {isa = PBXBuildFile; fileRef = 84C1959217E342300054B7C0 /* README.md */; };
		84C1959D17E342310054B7C0 /* README.md in Resources */ = {isa = PBXBuildFile; fileRef = 84C1959217E342300054B7C0 /* README.md */; };
		84C1959E17E342310054B7C0 /* README.md in Resources */ = {isa = PBXBuildFile; fileRef = 84C1959217E342300054B7C0 /* README.md */; };
		84C1959F17E342310054B7C0 /* README.md in Resources */ = {isa = PBXBuildFile; fileRef = 84C1959217E342300054B7C0 /* README.md */; };
		84C195A017E342310054B7C0 /* libFlurry_4.2.3.a in Frameworks */ = {isa = PBXBuildFile; fileRef = 84C1959517E342300054B7C0 /* libFlurry_4.2.3.a */; };
		84C195A117E342310054B7C0 /* libFlurry_4.2.3.a in Frameworks */ = {isa = PBXBuildFile; fileRef = 84C1959517E342300054B7C0 /* libFlurry_4.2.3.a */; };
		84C195A217E342310054B7C0 /* libFlurry_4.2.3.a in Frameworks */ = {isa = PBXBuildFile; fileRef = 84C1959517E342300054B7C0 /* libFlurry_4.2.3.a */; };
		84C195A317E342310054B7C0 /* libFlurry_4.2.3.a in Frameworks */ = {isa = PBXBuildFile; fileRef = 84C1959517E342300054B7C0 /* libFlurry_4.2.3.a */; };
		84C195A417E342310054B7C0 /* libFlurry_4.2.3.a in Frameworks */ = {isa = PBXBuildFile; fileRef = 84C1959517E342300054B7C0 /* libFlurry_4.2.3.a */; };
		84C195D217E342B20054B7C0 /* blueArrow.png in Resources */ = {isa = PBXBuildFile; fileRef = 84C195C717E3426E0054B7C0 /* blueArrow.png */; };
		84C195D317E342B20054B7C0 /* blueArrow@2x.png in Resources */ = {isa = PBXBuildFile; fileRef = 84C195C817E3426E0054B7C0 /* blueArrow@2x.png */; };
		84C195D417E342B20054B7C0 /* helveticaneuecyrthin.ttf in Resources */ = {isa = PBXBuildFile; fileRef = 84C195C917E3426E0054B7C0 /* helveticaneuecyrthin.ttf */; };
		84C195D517E342B20054B7C0 /* blueArrow.png in Resources */ = {isa = PBXBuildFile; fileRef = 84C195C717E3426E0054B7C0 /* blueArrow.png */; };
		84C195D617E342B20054B7C0 /* blueArrow@2x.png in Resources */ = {isa = PBXBuildFile; fileRef = 84C195C817E3426E0054B7C0 /* blueArrow@2x.png */; };
		84C195D717E342B20054B7C0 /* helveticaneuecyrthin.ttf in Resources */ = {isa = PBXBuildFile; fileRef = 84C195C917E3426E0054B7C0 /* helveticaneuecyrthin.ttf */; };
		84C195D817E342B30054B7C0 /* blueArrow.png in Resources */ = {isa = PBXBuildFile; fileRef = 84C195C717E3426E0054B7C0 /* blueArrow.png */; };
		84C195D917E342B30054B7C0 /* blueArrow@2x.png in Resources */ = {isa = PBXBuildFile; fileRef = 84C195C817E3426E0054B7C0 /* blueArrow@2x.png */; };
		84C195DA17E342B30054B7C0 /* helveticaneuecyrthin.ttf in Resources */ = {isa = PBXBuildFile; fileRef = 84C195C917E3426E0054B7C0 /* helveticaneuecyrthin.ttf */; };
		84C195DB17E342B30054B7C0 /* blueArrow.png in Resources */ = {isa = PBXBuildFile; fileRef = 84C195C717E3426E0054B7C0 /* blueArrow.png */; };
		84C195DC17E342B30054B7C0 /* blueArrow@2x.png in Resources */ = {isa = PBXBuildFile; fileRef = 84C195C817E3426E0054B7C0 /* blueArrow@2x.png */; };
		84C195DD17E342B30054B7C0 /* helveticaneuecyrthin.ttf in Resources */ = {isa = PBXBuildFile; fileRef = 84C195C917E3426E0054B7C0 /* helveticaneuecyrthin.ttf */; };
		84C195DE17E342B30054B7C0 /* blueArrow.png in Resources */ = {isa = PBXBuildFile; fileRef = 84C195C717E3426E0054B7C0 /* blueArrow.png */; };
		84C195DF17E342B30054B7C0 /* blueArrow@2x.png in Resources */ = {isa = PBXBuildFile; fileRef = 84C195C817E3426E0054B7C0 /* blueArrow@2x.png */; };
		84C195E017E342B30054B7C0 /* helveticaneuecyrthin.ttf in Resources */ = {isa = PBXBuildFile; fileRef = 84C195C917E3426E0054B7C0 /* helveticaneuecyrthin.ttf */; };
		84C195E117E342BD0054B7C0 /* Background.png in Resources */ = {isa = PBXBuildFile; fileRef = 84C195AF17E3426E0054B7C0 /* Background.png */; };
		84C195E217E342BD0054B7C0 /* Background@2x.png in Resources */ = {isa = PBXBuildFile; fileRef = 84C195B017E3426E0054B7C0 /* Background@2x.png */; };
		84C195E317E342BD0054B7C0 /* Default-568h@2x.png in Resources */ = {isa = PBXBuildFile; fileRef = 84C195B117E3426E0054B7C0 /* Default-568h@2x.png */; };
		84C195E417E342BD0054B7C0 /* Default.png in Resources */ = {isa = PBXBuildFile; fileRef = 84C195B217E3426E0054B7C0 /* Default.png */; };
		84C195E517E342BD0054B7C0 /* Default@2x.png in Resources */ = {isa = PBXBuildFile; fileRef = 84C195B317E3426E0054B7C0 /* Default@2x.png */; };
		84C195E617E342BD0054B7C0 /* icon144.png in Resources */ = {isa = PBXBuildFile; fileRef = 84C195B417E3426E0054B7C0 /* icon144.png */; };
		84C195E717E342BD0054B7C0 /* icon57.png in Resources */ = {isa = PBXBuildFile; fileRef = 84C195B517E3426E0054B7C0 /* icon57.png */; };
		84C195E817E342C70054B7C0 /* Background.png in Resources */ = {isa = PBXBuildFile; fileRef = 84C195A717E3426E0054B7C0 /* Background.png */; };
		84C195E917E342C70054B7C0 /* Background@2x.png in Resources */ = {isa = PBXBuildFile; fileRef = 84C195A817E3426E0054B7C0 /* Background@2x.png */; };
		84C195EA17E342C70054B7C0 /* Default-568h@2x.png in Resources */ = {isa = PBXBuildFile; fileRef = 84C195A917E3426E0054B7C0 /* Default-568h@2x.png */; };
		84C195EB17E342C70054B7C0 /* Default.png in Resources */ = {isa = PBXBuildFile; fileRef = 84C195AA17E3426E0054B7C0 /* Default.png */; };
		84C195EC17E342C70054B7C0 /* Default@2x.png in Resources */ = {isa = PBXBuildFile; fileRef = 84C195AB17E3426E0054B7C0 /* Default@2x.png */; };
		84C195ED17E342C70054B7C0 /* icon144.png in Resources */ = {isa = PBXBuildFile; fileRef = 84C195AC17E3426E0054B7C0 /* icon144.png */; };
		84C195EE17E342C70054B7C0 /* icon57.png in Resources */ = {isa = PBXBuildFile; fileRef = 84C195AD17E3426E0054B7C0 /* icon57.png */; };
		84C195EF17E342CD0054B7C0 /* Background.png in Resources */ = {isa = PBXBuildFile; fileRef = 84C195CB17E3426E0054B7C0 /* Background.png */; };
		84C195F017E342CD0054B7C0 /* Background@2x.png in Resources */ = {isa = PBXBuildFile; fileRef = 84C195CC17E3426E0054B7C0 /* Background@2x.png */; };
		84C195F117E342CD0054B7C0 /* Default-568h@2x.png in Resources */ = {isa = PBXBuildFile; fileRef = 84C195CD17E3426E0054B7C0 /* Default-568h@2x.png */; };
		84C195F217E342CD0054B7C0 /* Default.png in Resources */ = {isa = PBXBuildFile; fileRef = 84C195CE17E3426E0054B7C0 /* Default.png */; };
		84C195F317E342CD0054B7C0 /* Default@2x.png in Resources */ = {isa = PBXBuildFile; fileRef = 84C195CF17E3426E0054B7C0 /* Default@2x.png */; };
		84C195F417E342CD0054B7C0 /* icon144.png in Resources */ = {isa = PBXBuildFile; fileRef = 84C195D017E3426E0054B7C0 /* icon144.png */; };
		84C195F517E342CD0054B7C0 /* icon57.png in Resources */ = {isa = PBXBuildFile; fileRef = 84C195D117E3426E0054B7C0 /* icon57.png */; };
		84C195F617E342D10054B7C0 /* Background.png in Resources */ = {isa = PBXBuildFile; fileRef = 84C195BF17E3426E0054B7C0 /* Background.png */; };
		84C195F717E342D10054B7C0 /* Background@2x.png in Resources */ = {isa = PBXBuildFile; fileRef = 84C195C017E3426E0054B7C0 /* Background@2x.png */; };
		84C195F817E342D10054B7C0 /* Default-568h@2x.png in Resources */ = {isa = PBXBuildFile; fileRef = 84C195C117E3426E0054B7C0 /* Default-568h@2x.png */; };
		84C195F917E342D10054B7C0 /* Default.png in Resources */ = {isa = PBXBuildFile; fileRef = 84C195C217E3426E0054B7C0 /* Default.png */; };
		84C195FA17E342D10054B7C0 /* Default@2x.png in Resources */ = {isa = PBXBuildFile; fileRef = 84C195C317E3426E0054B7C0 /* Default@2x.png */; };
		84C195FB17E342D10054B7C0 /* icon144.png in Resources */ = {isa = PBXBuildFile; fileRef = 84C195C417E3426E0054B7C0 /* icon144.png */; };
		84C195FC17E342D10054B7C0 /* icon57.png in Resources */ = {isa = PBXBuildFile; fileRef = 84C195C517E3426E0054B7C0 /* icon57.png */; };
		84C195FD17E342D50054B7C0 /* Background.png in Resources */ = {isa = PBXBuildFile; fileRef = 84C195B717E3426E0054B7C0 /* Background.png */; };
		84C195FE17E342D50054B7C0 /* Background@2x.png in Resources */ = {isa = PBXBuildFile; fileRef = 84C195B817E3426E0054B7C0 /* Background@2x.png */; };
		84C195FF17E342D50054B7C0 /* Default-568h@2x.png in Resources */ = {isa = PBXBuildFile; fileRef = 84C195B917E3426E0054B7C0 /* Default-568h@2x.png */; };
		84C1960017E342D50054B7C0 /* Default.png in Resources */ = {isa = PBXBuildFile; fileRef = 84C195BA17E3426E0054B7C0 /* Default.png */; };
		84C1960117E342D50054B7C0 /* Default@2x.png in Resources */ = {isa = PBXBuildFile; fileRef = 84C195BB17E3426E0054B7C0 /* Default@2x.png */; };
		84C1960217E342D50054B7C0 /* icon144.png in Resources */ = {isa = PBXBuildFile; fileRef = 84C195BC17E3426E0054B7C0 /* icon144.png */; };
		84C1960317E342D50054B7C0 /* icon57.png in Resources */ = {isa = PBXBuildFile; fileRef = 84C195BD17E3426E0054B7C0 /* icon57.png */; };
/* End PBXBuildFile section */

/* Begin PBXFileReference section */
		846F676817E064CE00CCBAA0 /* BraggingRightsBronze.app */ = {isa = PBXFileReference; explicitFileType = wrapper.application; includeInIndex = 0; path = BraggingRightsBronze.app; sourceTree = BUILT_PRODUCTS_DIR; };
		846F676B17E064CE00CCBAA0 /* UIKit.framework */ = {isa = PBXFileReference; lastKnownFileType = wrapper.framework; name = UIKit.framework; path = System/Library/Frameworks/UIKit.framework; sourceTree = SDKROOT; };
		846F676D17E064CE00CCBAA0 /* Foundation.framework */ = {isa = PBXFileReference; lastKnownFileType = wrapper.framework; name = Foundation.framework; path = System/Library/Frameworks/Foundation.framework; sourceTree = SDKROOT; };
		846F676F17E064CE00CCBAA0 /* CoreGraphics.framework */ = {isa = PBXFileReference; lastKnownFileType = wrapper.framework; name = CoreGraphics.framework; path = System/Library/Frameworks/CoreGraphics.framework; sourceTree = SDKROOT; };
		846F677517E064CE00CCBAA0 /* en */ = {isa = PBXFileReference; lastKnownFileType = text.plist.strings; name = en; path = en.lproj/InfoPlist.strings; sourceTree = "<group>"; };
		846F677717E064CE00CCBAA0 /* main.m */ = {isa = PBXFileReference; lastKnownFileType = sourcecode.c.objc; path = main.m; sourceTree = "<group>"; };
		846F677917E064CE00CCBAA0 /* iBrag-Prefix.pch */ = {isa = PBXFileReference; lastKnownFileType = sourcecode.c.h; path = "iBrag-Prefix.pch"; sourceTree = "<group>"; };
		846F677A17E064CE00CCBAA0 /* AppDelegate.h */ = {isa = PBXFileReference; lastKnownFileType = sourcecode.c.h; path = AppDelegate.h; sourceTree = "<group>"; };
		846F677B17E064CE00CCBAA0 /* AppDelegate.m */ = {isa = PBXFileReference; lastKnownFileType = sourcecode.c.objc; path = AppDelegate.m; sourceTree = "<group>"; };
		846F678317E064CE00CCBAA0 /* ViewController.h */ = {isa = PBXFileReference; lastKnownFileType = sourcecode.c.h; path = ViewController.h; sourceTree = "<group>"; };
		846F678417E064CE00CCBAA0 /* ViewController.m */ = {isa = PBXFileReference; lastKnownFileType = sourcecode.c.objc; path = ViewController.m; sourceTree = "<group>"; };
		846F678717E064CE00CCBAA0 /* en */ = {isa = PBXFileReference; lastKnownFileType = file.xib; name = en; path = en.lproj/ViewController.xib; sourceTree = "<group>"; };
		8489CA4017E108E800C215D2 /* LabelThin.h */ = {isa = PBXFileReference; fileEncoding = 4; lastKnownFileType = sourcecode.c.h; path = LabelThin.h; sourceTree = "<group>"; };
		8489CA4117E108E800C215D2 /* LabelThin.m */ = {isa = PBXFileReference; fileEncoding = 4; lastKnownFileType = sourcecode.c.objc; path = LabelThin.m; sourceTree = "<group>"; };
		8489CC3517E1226D00C215D2 /* SystemConfiguration.framework */ = {isa = PBXFileReference; lastKnownFileType = wrapper.framework; name = SystemConfiguration.framework; path = System/Library/Frameworks/SystemConfiguration.framework; sourceTree = SDKROOT; };
		8489CC3717E1227E00C215D2 /* Security.framework */ = {isa = PBXFileReference; lastKnownFileType = wrapper.framework; name = Security.framework; path = System/Library/Frameworks/Security.framework; sourceTree = SDKROOT; };
		8489CC3F17E1276600C215D2 /* QuartzCore.framework */ = {isa = PBXFileReference; lastKnownFileType = wrapper.framework; name = QuartzCore.framework; path = System/Library/Frameworks/QuartzCore.framework; sourceTree = SDKROOT; };
		8489CC4117E1278900C215D2 /* AdSupport.framework */ = {isa = PBXFileReference; lastKnownFileType = wrapper.framework; name = AdSupport.framework; path = System/Library/Frameworks/AdSupport.framework; sourceTree = SDKROOT; };
		8489CC4317E1279300C215D2 /* StoreKit.framework */ = {isa = PBXFileReference; lastKnownFileType = wrapper.framework; name = StoreKit.framework; path = System/Library/Frameworks/StoreKit.framework; sourceTree = SDKROOT; };
		84A4DCE917E1DDA600E75D27 /* BraggingRightsBlack.app */ = {isa = PBXFileReference; explicitFileType = wrapper.application; includeInIndex = 0; path = BraggingRightsBlack.app; sourceTree = BUILT_PRODUCTS_DIR; };
		84A4DD0E17E1E5AF00E75D27 /* BraggingRightsSilver.app */ = {isa = PBXFileReference; explicitFileType = wrapper.application; includeInIndex = 0; path = BraggingRightsSilver.app; sourceTree = BUILT_PRODUCTS_DIR; };
		84A4DD3317E1E5B300E75D27 /* BraggingRightsPlatinum.app */ = {isa = PBXFileReference; explicitFileType = wrapper.application; includeInIndex = 0; path = BraggingRightsPlatinum.app; sourceTree = BUILT_PRODUCTS_DIR; };
		84A4DD7C17E1E63200E75D27 /* BraggingRightsGold.app */ = {isa = PBXFileReference; explicitFileType = wrapper.application; includeInIndex = 0; path = BraggingRightsGold.app; sourceTree = BUILT_PRODUCTS_DIR; };
		84BB262F17E07E5700910AC2 /* MessageUI.framework */ = {isa = PBXFileReference; lastKnownFileType = wrapper.framework; name = MessageUI.framework; path = System/Library/Frameworks/MessageUI.framework; sourceTree = SDKROOT; };
		84C1956B17E341A10054B7C0 /* BraggingRightsBlack-Info.plist */ = {isa = PBXFileReference; fileEncoding = 4; lastKnownFileType = text.plist.xml; path = "BraggingRightsBlack-Info.plist"; sourceTree = "<group>"; };
		84C1956C17E341A10054B7C0 /* BraggingRightsBronze-Info.plist */ = {isa = PBXFileReference; fileEncoding = 4; lastKnownFileType = text.plist.xml; path = "BraggingRightsBronze-Info.plist"; sourceTree = "<group>"; };
		84C1956D17E341A10054B7C0 /* BraggingRightsGold-Info.plist */ = {isa = PBXFileReference; fileEncoding = 4; lastKnownFileType = text.plist.xml; path = "BraggingRightsGold-Info.plist"; sourceTree = "<group>"; };
		84C1956E17E341A10054B7C0 /* BraggingRightsPlatinum-Info.plist */ = {isa = PBXFileReference; fileEncoding = 4; lastKnownFileType = text.plist.xml; path = "BraggingRightsPlatinum-Info.plist"; sourceTree = "<group>"; };
		84C1956F17E341A10054B7C0 /* BraggingRightsSilver-Info.plist */ = {isa = PBXFileReference; fileEncoding = 4; lastKnownFileType = text.plist.xml; path = "BraggingRightsSilver-Info.plist"; sourceTree = "<group>"; };
		84C1958917E342180054B7C0 /* FacebookSDK.framework */ = {isa = PBXFileReference; lastKnownFileType = wrapper.framework; name = FacebookSDK.framework; path = iBragBronze/Frameworks/FacebookSDK.framework; sourceTree = "<group>"; };
		84C1959017E342300054B7C0 /* Chartboost.h */ = {isa = PBXFileReference; fileEncoding = 4; lastKnownFileType = sourcecode.c.h; path = Chartboost.h; sourceTree = "<group>"; };
		84C1959117E342300054B7C0 /* libChartboost.a */ = {isa = PBXFileReference; lastKnownFileType = archive.ar; path = libChartboost.a; sourceTree = "<group>"; };
		84C1959217E342300054B7C0 /* README.md */ = {isa = PBXFileReference; fileEncoding = 4; lastKnownFileType = text; path = README.md; sourceTree = "<group>"; };
		84C1959417E342300054B7C0 /* Flurry.h */ = {isa = PBXFileReference; fileEncoding = 4; lastKnownFileType = sourcecode.c.h; path = Flurry.h; sourceTree = "<group>"; };
		84C1959517E342300054B7C0 /* libFlurry_4.2.3.a */ = {isa = PBXFileReference; lastKnownFileType = archive.ar; path = libFlurry_4.2.3.a; sourceTree = "<group>"; };
		84C195A717E3426E0054B7C0 /* Background.png */ = {isa = PBXFileReference; lastKnownFileType = image.png; path = Background.png; sourceTree = "<group>"; };
		84C195A817E3426E0054B7C0 /* Background@2x.png */ = {isa = PBXFileReference; lastKnownFileType = image.png; path = "Background@2x.png"; sourceTree = "<group>"; };
		84C195A917E3426E0054B7C0 /* Default-568h@2x.png */ = {isa = PBXFileReference; lastKnownFileType = image.png; path = "Default-568h@2x.png"; sourceTree = "<group>"; };
		84C195AA17E3426E0054B7C0 /* Default.png */ = {isa = PBXFileReference; lastKnownFileType = image.png; path = Default.png; sourceTree = "<group>"; };
		84C195AB17E3426E0054B7C0 /* Default@2x.png */ = {isa = PBXFileReference; lastKnownFileType = image.png; path = "Default@2x.png"; sourceTree = "<group>"; };
		84C195AC17E3426E0054B7C0 /* icon144.png */ = {isa = PBXFileReference; lastKnownFileType = image.png; path = icon144.png; sourceTree = "<group>"; };
		84C195AD17E3426E0054B7C0 /* icon57.png */ = {isa = PBXFileReference; lastKnownFileType = image.png; path = icon57.png; sourceTree = "<group>"; };
		84C195AF17E3426E0054B7C0 /* Background.png */ = {isa = PBXFileReference; lastKnownFileType = image.png; path = Background.png; sourceTree = "<group>"; };
		84C195B017E3426E0054B7C0 /* Background@2x.png */ = {isa = PBXFileReference; lastKnownFileType = image.png; path = "Background@2x.png"; sourceTree = "<group>"; };
		84C195B117E3426E0054B7C0 /* Default-568h@2x.png */ = {isa = PBXFileReference; lastKnownFileType = image.png; path = "Default-568h@2x.png"; sourceTree = "<group>"; };
		84C195B217E3426E0054B7C0 /* Default.png */ = {isa = PBXFileReference; lastKnownFileType = image.png; path = Default.png; sourceTree = "<group>"; };
		84C195B317E3426E0054B7C0 /* Default@2x.png */ = {isa = PBXFileReference; lastKnownFileType = image.png; path = "Default@2x.png"; sourceTree = "<group>"; };
		84C195B417E3426E0054B7C0 /* icon144.png */ = {isa = PBXFileReference; lastKnownFileType = image.png; path = icon144.png; sourceTree = "<group>"; };
		84C195B517E3426E0054B7C0 /* icon57.png */ = {isa = PBXFileReference; lastKnownFileType = image.png; path = icon57.png; sourceTree = "<group>"; };
		84C195B717E3426E0054B7C0 /* Background.png */ = {isa = PBXFileReference; lastKnownFileType = image.png; path = Background.png; sourceTree = "<group>"; };
		84C195B817E3426E0054B7C0 /* Background@2x.png */ = {isa = PBXFileReference; lastKnownFileType = image.png; path = "Background@2x.png"; sourceTree = "<group>"; };
		84C195B917E3426E0054B7C0 /* Default-568h@2x.png */ = {isa = PBXFileReference; lastKnownFileType = image.png; path = "Default-568h@2x.png"; sourceTree = "<group>"; };
		84C195BA17E3426E0054B7C0 /* Default.png */ = {isa = PBXFileReference; lastKnownFileType = image.png; path = Default.png; sourceTree = "<group>"; };
		84C195BB17E3426E0054B7C0 /* Default@2x.png */ = {isa = PBXFileReference; lastKnownFileType = image.png; path = "Default@2x.png"; sourceTree = "<group>"; };
		84C195BC17E3426E0054B7C0 /* icon144.png */ = {isa = PBXFileReference; lastKnownFileType = image.png; path = icon144.png; sourceTree = "<group>"; };
		84C195BD17E3426E0054B7C0 /* icon57.png */ = {isa = PBXFileReference; lastKnownFileType = image.png; path = icon57.png; sourceTree = "<group>"; };
		84C195BF17E3426E0054B7C0 /* Background.png */ = {isa = PBXFileReference; lastKnownFileType = image.png; path = Background.png; sourceTree = "<group>"; };
		84C195C017E3426E0054B7C0 /* Background@2x.png */ = {isa = PBXFileReference; lastKnownFileType = image.png; path = "Background@2x.png"; sourceTree = "<group>"; };
		84C195C117E3426E0054B7C0 /* Default-568h@2x.png */ = {isa = PBXFileReference; lastKnownFileType = image.png; path = "Default-568h@2x.png"; sourceTree = "<group>"; };
		84C195C217E3426E0054B7C0 /* Default.png */ = {isa = PBXFileReference; lastKnownFileType = image.png; path = Default.png; sourceTree = "<group>"; };
		84C195C317E3426E0054B7C0 /* Default@2x.png */ = {isa = PBXFileReference; lastKnownFileType = image.png; path = "Default@2x.png"; sourceTree = "<group>"; };
		84C195C417E3426E0054B7C0 /* icon144.png */ = {isa = PBXFileReference; lastKnownFileType = image.png; path = icon144.png; sourceTree = "<group>"; };
		84C195C517E3426E0054B7C0 /* icon57.png */ = {isa = PBXFileReference; lastKnownFileType = image.png; path = icon57.png; sourceTree = "<group>"; };
		84C195C717E3426E0054B7C0 /* blueArrow.png */ = {isa = PBXFileReference; lastKnownFileType = image.png; path = blueArrow.png; sourceTree = "<group>"; };
		84C195C817E3426E0054B7C0 /* blueArrow@2x.png */ = {isa = PBXFileReference; lastKnownFileType = image.png; path = "blueArrow@2x.png"; sourceTree = "<group>"; };
		84C195C917E3426E0054B7C0 /* helveticaneuecyrthin.ttf */ = {isa = PBXFileReference; lastKnownFileType = file; path = helveticaneuecyrthin.ttf; sourceTree = "<group>"; };
		84C195CB17E3426E0054B7C0 /* Background.png */ = {isa = PBXFileReference; lastKnownFileType = image.png; path = Background.png; sourceTree = "<group>"; };
		84C195CC17E3426E0054B7C0 /* Background@2x.png */ = {isa = PBXFileReference; lastKnownFileType = image.png; path = "Background@2x.png"; sourceTree = "<group>"; };
		84C195CD17E3426E0054B7C0 /* Default-568h@2x.png */ = {isa = PBXFileReference; lastKnownFileType = image.png; path = "Default-568h@2x.png"; sourceTree = "<group>"; };
		84C195CE17E3426E0054B7C0 /* Default.png */ = {isa = PBXFileReference; lastKnownFileType = image.png; path = Default.png; sourceTree = "<group>"; };
		84C195CF17E3426E0054B7C0 /* Default@2x.png */ = {isa = PBXFileReference; lastKnownFileType = image.png; path = "Default@2x.png"; sourceTree = "<group>"; };
		84C195D017E3426E0054B7C0 /* icon144.png */ = {isa = PBXFileReference; lastKnownFileType = image.png; path = icon144.png; sourceTree = "<group>"; };
		84C195D117E3426E0054B7C0 /* icon57.png */ = {isa = PBXFileReference; lastKnownFileType = image.png; path = icon57.png; sourceTree = "<group>"; };
/* End PBXFileReference section */

/* Begin PBXFrameworksBuildPhase section */
		846F676517E064CE00CCBAA0 /* Frameworks */ = {
			isa = PBXFrameworksBuildPhase;
			buildActionMask = 2147483647;
			files = (
				8489CC4417E1279300C215D2 /* StoreKit.framework in Frameworks */,
				8489CC4217E1278900C215D2 /* AdSupport.framework in Frameworks */,
				8489CC4017E1276600C215D2 /* QuartzCore.framework in Frameworks */,
				846F677017E064CE00CCBAA0 /* CoreGraphics.framework in Frameworks */,
				8489CC3817E1227E00C215D2 /* Security.framework in Frameworks */,
				8489CC3617E1226D00C215D2 /* SystemConfiguration.framework in Frameworks */,
				84BB263017E07E5700910AC2 /* MessageUI.framework in Frameworks */,
				846F676C17E064CE00CCBAA0 /* UIKit.framework in Frameworks */,
				846F676E17E064CE00CCBAA0 /* Foundation.framework in Frameworks */,
				84C1958A17E342180054B7C0 /* FacebookSDK.framework in Frameworks */,
				84C1959617E342300054B7C0 /* libChartboost.a in Frameworks */,
				84C195A017E342310054B7C0 /* libFlurry_4.2.3.a in Frameworks */,
			);
			runOnlyForDeploymentPostprocessing = 0;
		};
		84A4DCCC17E1DDA600E75D27 /* Frameworks */ = {
			isa = PBXFrameworksBuildPhase;
			buildActionMask = 2147483647;
			files = (
				84A4DCCD17E1DDA600E75D27 /* StoreKit.framework in Frameworks */,
				84A4DCCE17E1DDA600E75D27 /* AdSupport.framework in Frameworks */,
				84A4DCCF17E1DDA600E75D27 /* QuartzCore.framework in Frameworks */,
				84A4DCD017E1DDA600E75D27 /* CoreGraphics.framework in Frameworks */,
				84A4DCD117E1DDA600E75D27 /* Security.framework in Frameworks */,
				84A4DCD217E1DDA600E75D27 /* SystemConfiguration.framework in Frameworks */,
				84A4DCD317E1DDA600E75D27 /* MessageUI.framework in Frameworks */,
				84A4DCD417E1DDA600E75D27 /* UIKit.framework in Frameworks */,
				84A4DCD517E1DDA600E75D27 /* Foundation.framework in Frameworks */,
				84C1958B17E342180054B7C0 /* FacebookSDK.framework in Frameworks */,
				84C1959717E342310054B7C0 /* libChartboost.a in Frameworks */,
				84C195A117E342310054B7C0 /* libFlurry_4.2.3.a in Frameworks */,
			);
			runOnlyForDeploymentPostprocessing = 0;
		};
		84A4DCF117E1E5AF00E75D27 /* Frameworks */ = {
			isa = PBXFrameworksBuildPhase;
			buildActionMask = 2147483647;
			files = (
				84A4DCF217E1E5AF00E75D27 /* StoreKit.framework in Frameworks */,
				84A4DCF317E1E5AF00E75D27 /* AdSupport.framework in Frameworks */,
				84A4DCF417E1E5AF00E75D27 /* QuartzCore.framework in Frameworks */,
				84A4DCF517E1E5AF00E75D27 /* CoreGraphics.framework in Frameworks */,
				84A4DCF617E1E5AF00E75D27 /* Security.framework in Frameworks */,
				84A4DCF717E1E5AF00E75D27 /* SystemConfiguration.framework in Frameworks */,
				84A4DCF817E1E5AF00E75D27 /* MessageUI.framework in Frameworks */,
				84A4DCF917E1E5AF00E75D27 /* UIKit.framework in Frameworks */,
				84A4DCFA17E1E5AF00E75D27 /* Foundation.framework in Frameworks */,
				84C1958C17E342180054B7C0 /* FacebookSDK.framework in Frameworks */,
				84C1959817E342310054B7C0 /* libChartboost.a in Frameworks */,
				84C195A217E342310054B7C0 /* libFlurry_4.2.3.a in Frameworks */,
			);
			runOnlyForDeploymentPostprocessing = 0;
		};
		84A4DD1617E1E5B300E75D27 /* Frameworks */ = {
			isa = PBXFrameworksBuildPhase;
			buildActionMask = 2147483647;
			files = (
				84A4DD1717E1E5B300E75D27 /* StoreKit.framework in Frameworks */,
				84A4DD1817E1E5B300E75D27 /* AdSupport.framework in Frameworks */,
				84A4DD1917E1E5B300E75D27 /* QuartzCore.framework in Frameworks */,
				84A4DD1A17E1E5B300E75D27 /* CoreGraphics.framework in Frameworks */,
				84A4DD1B17E1E5B300E75D27 /* Security.framework in Frameworks */,
				84A4DD1C17E1E5B300E75D27 /* SystemConfiguration.framework in Frameworks */,
				84A4DD1D17E1E5B300E75D27 /* MessageUI.framework in Frameworks */,
				84A4DD1E17E1E5B300E75D27 /* UIKit.framework in Frameworks */,
				84A4DD1F17E1E5B300E75D27 /* Foundation.framework in Frameworks */,
				84C1958D17E342180054B7C0 /* FacebookSDK.framework in Frameworks */,
				84C1959917E342310054B7C0 /* libChartboost.a in Frameworks */,
				84C195A317E342310054B7C0 /* libFlurry_4.2.3.a in Frameworks */,
			);
			runOnlyForDeploymentPostprocessing = 0;
		};
		84A4DD5F17E1E63200E75D27 /* Frameworks */ = {
			isa = PBXFrameworksBuildPhase;
			buildActionMask = 2147483647;
			files = (
				84A4DD6017E1E63200E75D27 /* StoreKit.framework in Frameworks */,
				84A4DD6117E1E63200E75D27 /* AdSupport.framework in Frameworks */,
				84A4DD6217E1E63200E75D27 /* QuartzCore.framework in Frameworks */,
				84A4DD6317E1E63200E75D27 /* CoreGraphics.framework in Frameworks */,
				84A4DD6417E1E63200E75D27 /* Security.framework in Frameworks */,
				84A4DD6517E1E63200E75D27 /* SystemConfiguration.framework in Frameworks */,
				84A4DD6617E1E63200E75D27 /* MessageUI.framework in Frameworks */,
				84A4DD6717E1E63200E75D27 /* UIKit.framework in Frameworks */,
				84A4DD6817E1E63200E75D27 /* Foundation.framework in Frameworks */,
				84C1958E17E342180054B7C0 /* FacebookSDK.framework in Frameworks */,
				84C1959A17E342310054B7C0 /* libChartboost.a in Frameworks */,
				84C195A417E342310054B7C0 /* libFlurry_4.2.3.a in Frameworks */,
			);
			runOnlyForDeploymentPostprocessing = 0;
		};
/* End PBXFrameworksBuildPhase section */

/* Begin PBXGroup section */
		846F675F17E064CE00CCBAA0 = {
			isa = PBXGroup;
			children = (
				846F677117E064CE00CCBAA0 /* iBrag */,
				846F676A17E064CE00CCBAA0 /* Frameworks */,
				846F676917E064CE00CCBAA0 /* Products */,
			);
			sourceTree = "<group>";
		};
		846F676917E064CE00CCBAA0 /* Products */ = {
			isa = PBXGroup;
			children = (
				846F676817E064CE00CCBAA0 /* BraggingRightsBronze.app */,
				84A4DCE917E1DDA600E75D27 /* BraggingRightsBlack.app */,
				84A4DD0E17E1E5AF00E75D27 /* BraggingRightsSilver.app */,
				84A4DD3317E1E5B300E75D27 /* BraggingRightsPlatinum.app */,
				84A4DD7C17E1E63200E75D27 /* BraggingRightsGold.app */,
			);
			name = Products;
			sourceTree = "<group>";
		};
		846F676A17E064CE00CCBAA0 /* Frameworks */ = {
			isa = PBXGroup;
			children = (
				84C1959317E342300054B7C0 /* Flurry */,
				84C1958F17E342300054B7C0 /* Chartboost */,
				84C1958917E342180054B7C0 /* FacebookSDK.framework */,
				8489CC4317E1279300C215D2 /* StoreKit.framework */,
				8489CC4117E1278900C215D2 /* AdSupport.framework */,
				8489CC3F17E1276600C215D2 /* QuartzCore.framework */,
				8489CC3717E1227E00C215D2 /* Security.framework */,
				8489CC3517E1226D00C215D2 /* SystemConfiguration.framework */,
				84BB262F17E07E5700910AC2 /* MessageUI.framework */,
				846F676B17E064CE00CCBAA0 /* UIKit.framework */,
				846F676D17E064CE00CCBAA0 /* Foundation.framework */,
				846F676F17E064CE00CCBAA0 /* CoreGraphics.framework */,
			);
			name = Frameworks;
			sourceTree = "<group>";
		};
		846F677117E064CE00CCBAA0 /* iBrag */ = {
			isa = PBXGroup;
			children = (
				846F677A17E064CE00CCBAA0 /* AppDelegate.h */,
				846F677B17E064CE00CCBAA0 /* AppDelegate.m */,
				846F678317E064CE00CCBAA0 /* ViewController.h */,
				846F678417E064CE00CCBAA0 /* ViewController.m */,
				846F678617E064CE00CCBAA0 /* ViewController.xib */,
				8489CA4017E108E800C215D2 /* LabelThin.h */,
				8489CA4117E108E800C215D2 /* LabelThin.m */,
				84C195A517E3426E0054B7C0 /* Assets */,
				846F677217E064CE00CCBAA0 /* Supporting Files */,
			);
			name = iBrag;
			path = iBragBronze;
			sourceTree = "<group>";
		};
		846F677217E064CE00CCBAA0 /* Supporting Files */ = {
			isa = PBXGroup;
			children = (
				84C1956A17E341A10054B7C0 /* Plists */,
				846F677417E064CE00CCBAA0 /* InfoPlist.strings */,
				846F677717E064CE00CCBAA0 /* main.m */,
				846F677917E064CE00CCBAA0 /* iBrag-Prefix.pch */,
			);
			name = "Supporting Files";
			sourceTree = "<group>";
		};
		84C1956A17E341A10054B7C0 /* Plists */ = {
			isa = PBXGroup;
			children = (
				84C1956C17E341A10054B7C0 /* BraggingRightsBronze-Info.plist */,
				84C1956B17E341A10054B7C0 /* BraggingRightsBlack-Info.plist */,
				84C1956F17E341A10054B7C0 /* BraggingRightsSilver-Info.plist */,
				84C1956E17E341A10054B7C0 /* BraggingRightsPlatinum-Info.plist */,
				84C1956D17E341A10054B7C0 /* BraggingRightsGold-Info.plist */,
			);
			path = Plists;
			sourceTree = "<group>";
		};
		84C1958F17E342300054B7C0 /* Chartboost */ = {
			isa = PBXGroup;
			children = (
				84C1959017E342300054B7C0 /* Chartboost.h */,
				84C1959117E342300054B7C0 /* libChartboost.a */,
				84C1959217E342300054B7C0 /* README.md */,
			);
			name = Chartboost;
			path = iBragBronze/Frameworks/Chartboost;
			sourceTree = "<group>";
		};
		84C1959317E342300054B7C0 /* Flurry */ = {
			isa = PBXGroup;
			children = (
				84C1959417E342300054B7C0 /* Flurry.h */,
				84C1959517E342300054B7C0 /* libFlurry_4.2.3.a */,
			);
			name = Flurry;
			path = iBragBronze/Frameworks/Flurry;
			sourceTree = "<group>";
		};
		84C195A517E3426E0054B7C0 /* Assets */ = {
			isa = PBXGroup;
			children = (
				84C195C617E3426E0054B7C0 /* Shared */,
				84C195AE17E3426E0054B7C0 /* Bronze */,
				84C195A617E3426E0054B7C0 /* Black */,
				84C195CA17E3426E0054B7C0 /* Silver */,
				84C195BE17E3426E0054B7C0 /* Platinum */,
				84C195B617E3426E0054B7C0 /* Gold */,
			);
			path = Assets;
			sourceTree = "<group>";
		};
		84C195A617E3426E0054B7C0 /* Black */ = {
			isa = PBXGroup;
			children = (
				84C195A717E3426E0054B7C0 /* Background.png */,
				84C195A817E3426E0054B7C0 /* Background@2x.png */,
				84C195A917E3426E0054B7C0 /* Default-568h@2x.png */,
				84C195AA17E3426E0054B7C0 /* Default.png */,
				84C195AB17E3426E0054B7C0 /* Default@2x.png */,
				84C195AC17E3426E0054B7C0 /* icon144.png */,
				84C195AD17E3426E0054B7C0 /* icon57.png */,
			);
			path = Black;
			sourceTree = "<group>";
		};
		84C195AE17E3426E0054B7C0 /* Bronze */ = {
			isa = PBXGroup;
			children = (
				84C195AF17E3426E0054B7C0 /* Background.png */,
				84C195B017E3426E0054B7C0 /* Background@2x.png */,
				84C195B117E3426E0054B7C0 /* Default-568h@2x.png */,
				84C195B217E3426E0054B7C0 /* Default.png */,
				84C195B317E3426E0054B7C0 /* Default@2x.png */,
				84C195B417E3426E0054B7C0 /* icon144.png */,
				84C195B517E3426E0054B7C0 /* icon57.png */,
			);
			path = Bronze;
			sourceTree = "<group>";
		};
		84C195B617E3426E0054B7C0 /* Gold */ = {
			isa = PBXGroup;
			children = (
				84C195B717E3426E0054B7C0 /* Background.png */,
				84C195B817E3426E0054B7C0 /* Background@2x.png */,
				84C195B917E3426E0054B7C0 /* Default-568h@2x.png */,
				84C195BA17E3426E0054B7C0 /* Default.png */,
				84C195BB17E3426E0054B7C0 /* Default@2x.png */,
				84C195BC17E3426E0054B7C0 /* icon144.png */,
				84C195BD17E3426E0054B7C0 /* icon57.png */,
			);
			path = Gold;
			sourceTree = "<group>";
		};
		84C195BE17E3426E0054B7C0 /* Platinum */ = {
			isa = PBXGroup;
			children = (
				84C195BF17E3426E0054B7C0 /* Background.png */,
				84C195C017E3426E0054B7C0 /* Background@2x.png */,
				84C195C117E3426E0054B7C0 /* Default-568h@2x.png */,
				84C195C217E3426E0054B7C0 /* Default.png */,
				84C195C317E3426E0054B7C0 /* Default@2x.png */,
				84C195C417E3426E0054B7C0 /* icon144.png */,
				84C195C517E3426E0054B7C0 /* icon57.png */,
			);
			path = Platinum;
			sourceTree = "<group>";
		};
		84C195C617E3426E0054B7C0 /* Shared */ = {
			isa = PBXGroup;
			children = (
				84C195C717E3426E0054B7C0 /* blueArrow.png */,
				84C195C817E3426E0054B7C0 /* blueArrow@2x.png */,
				84C195C917E3426E0054B7C0 /* helveticaneuecyrthin.ttf */,
			);
			path = Shared;
			sourceTree = "<group>";
		};
		84C195CA17E3426E0054B7C0 /* Silver */ = {
			isa = PBXGroup;
			children = (
				84C195CB17E3426E0054B7C0 /* Background.png */,
				84C195CC17E3426E0054B7C0 /* Background@2x.png */,
				84C195CD17E3426E0054B7C0 /* Default-568h@2x.png */,
				84C195CE17E3426E0054B7C0 /* Default.png */,
				84C195CF17E3426E0054B7C0 /* Default@2x.png */,
				84C195D017E3426E0054B7C0 /* icon144.png */,
				84C195D117E3426E0054B7C0 /* icon57.png */,
			);
			path = Silver;
			sourceTree = "<group>";
		};
/* End PBXGroup section */

/* Begin PBXNativeTarget section */
		846F676717E064CE00CCBAA0 /* BraggingRightsBronze */ = {
			isa = PBXNativeTarget;
			buildConfigurationList = 846F678B17E064CE00CCBAA0 /* Build configuration list for PBXNativeTarget "BraggingRightsBronze" */;
			buildPhases = (
				846F676417E064CE00CCBAA0 /* Sources */,
				846F676517E064CE00CCBAA0 /* Frameworks */,
				846F676617E064CE00CCBAA0 /* Resources */,
			);
			buildRules = (
			);
			dependencies = (
			);
			name = BraggingRightsBronze;
			productName = iBragBronze;
			productReference = 846F676817E064CE00CCBAA0 /* BraggingRightsBronze.app */;
			productType = "com.apple.product-type.application";
		};
		84A4DCC617E1DDA600E75D27 /* BraggingRightsBlack */ = {
			isa = PBXNativeTarget;
			buildConfigurationList = 84A4DCE517E1DDA600E75D27 /* Build configuration list for PBXNativeTarget "BraggingRightsBlack" */;
			buildPhases = (
				84A4DCC717E1DDA600E75D27 /* Sources */,
				84A4DCCC17E1DDA600E75D27 /* Frameworks */,
				84A4DCD917E1DDA600E75D27 /* Resources */,
			);
			buildRules = (
			);
			dependencies = (
			);
			name = BraggingRightsBlack;
			productName = iBragBronze;
			productReference = 84A4DCE917E1DDA600E75D27 /* BraggingRightsBlack.app */;
			productType = "com.apple.product-type.application";
		};
		84A4DCEB17E1E5AF00E75D27 /* BraggingRightsSilver */ = {
			isa = PBXNativeTarget;
			buildConfigurationList = 84A4DD0A17E1E5AF00E75D27 /* Build configuration list for PBXNativeTarget "BraggingRightsSilver" */;
			buildPhases = (
				84A4DCEC17E1E5AF00E75D27 /* Sources */,
				84A4DCF117E1E5AF00E75D27 /* Frameworks */,
				84A4DCFE17E1E5AF00E75D27 /* Resources */,
			);
			buildRules = (
			);
			dependencies = (
			);
			name = BraggingRightsSilver;
			productName = iBragBronze;
			productReference = 84A4DD0E17E1E5AF00E75D27 /* BraggingRightsSilver.app */;
			productType = "com.apple.product-type.application";
		};
		84A4DD1017E1E5B300E75D27 /* BraggingRightsPlatinum */ = {
			isa = PBXNativeTarget;
			buildConfigurationList = 84A4DD2F17E1E5B300E75D27 /* Build configuration list for PBXNativeTarget "BraggingRightsPlatinum" */;
			buildPhases = (
				84A4DD1117E1E5B300E75D27 /* Sources */,
				84A4DD1617E1E5B300E75D27 /* Frameworks */,
				84A4DD2317E1E5B300E75D27 /* Resources */,
			);
			buildRules = (
			);
			dependencies = (
			);
			name = BraggingRightsPlatinum;
			productName = iBragBronze;
			productReference = 84A4DD3317E1E5B300E75D27 /* BraggingRightsPlatinum.app */;
			productType = "com.apple.product-type.application";
		};
		84A4DD5917E1E63200E75D27 /* BraggingRightsGold */ = {
			isa = PBXNativeTarget;
			buildConfigurationList = 84A4DD7817E1E63200E75D27 /* Build configuration list for PBXNativeTarget "BraggingRightsGold" */;
			buildPhases = (
				84A4DD5A17E1E63200E75D27 /* Sources */,
				84A4DD5F17E1E63200E75D27 /* Frameworks */,
				84A4DD6C17E1E63200E75D27 /* Resources */,
			);
			buildRules = (
			);
			dependencies = (
			);
			name = BraggingRightsGold;
			productName = iBragBronze;
			productReference = 84A4DD7C17E1E63200E75D27 /* BraggingRightsGold.app */;
			productType = "com.apple.product-type.application";
		};
/* End PBXNativeTarget section */

/* Begin PBXProject section */
		846F676017E064CE00CCBAA0 /* Project object */ = {
			isa = PBXProject;
			attributes = {
				LastUpgradeCheck = 0460;
				ORGANIZATIONNAME = iBrag;
			};
			buildConfigurationList = 846F676317E064CE00CCBAA0 /* Build configuration list for PBXProject "iBrag" */;
			compatibilityVersion = "Xcode 3.2";
			developmentRegion = English;
			hasScannedForEncodings = 0;
			knownRegions = (
				en,
				he,
			);
			mainGroup = 846F675F17E064CE00CCBAA0;
			productRefGroup = 846F676917E064CE00CCBAA0 /* Products */;
			projectDirPath = "";
			projectRoot = "";
			targets = (
				846F676717E064CE00CCBAA0 /* BraggingRightsBronze */,
				84A4DCC617E1DDA600E75D27 /* BraggingRightsBlack */,
				84A4DCEB17E1E5AF00E75D27 /* BraggingRightsSilver */,
				84A4DD1017E1E5B300E75D27 /* BraggingRightsPlatinum */,
				84A4DD5917E1E63200E75D27 /* BraggingRightsGold */,
			);
		};
/* End PBXProject section */

/* Begin PBXResourcesBuildPhase section */
		846F676617E064CE00CCBAA0 /* Resources */ = {
			isa = PBXResourcesBuildPhase;
			buildActionMask = 2147483647;
			files = (
				846F677617E064CE00CCBAA0 /* InfoPlist.strings in Resources */,
				846F678817E064CE00CCBAA0 /* ViewController.xib in Resources */,
				84C1957517E341A10054B7C0 /* BraggingRightsBronze-Info.plist in Resources */,
				84C1959B17E342310054B7C0 /* README.md in Resources */,
				84C195D217E342B20054B7C0 /* blueArrow.png in Resources */,
				84C195D317E342B20054B7C0 /* blueArrow@2x.png in Resources */,
				84C195D417E342B20054B7C0 /* helveticaneuecyrthin.ttf in Resources */,
				84C195E117E342BD0054B7C0 /* Background.png in Resources */,
				84C195E217E342BD0054B7C0 /* Background@2x.png in Resources */,
				84C195E317E342BD0054B7C0 /* Default-568h@2x.png in Resources */,
				84C195E417E342BD0054B7C0 /* Default.png in Resources */,
				84C195E517E342BD0054B7C0 /* Default@2x.png in Resources */,
				84C195E617E342BD0054B7C0 /* icon144.png in Resources */,
				84C195E717E342BD0054B7C0 /* icon57.png in Resources */,
			);
			runOnlyForDeploymentPostprocessing = 0;
		};
		84A4DCD917E1DDA600E75D27 /* Resources */ = {
			isa = PBXResourcesBuildPhase;
			buildActionMask = 2147483647;
			files = (
				84A4DCDA17E1DDA600E75D27 /* InfoPlist.strings in Resources */,
				84A4DCDE17E1DDA600E75D27 /* ViewController.xib in Resources */,
				84C1957117E341A10054B7C0 /* BraggingRightsBlack-Info.plist in Resources */,
				84C1959C17E342310054B7C0 /* README.md in Resources */,
				84C195D517E342B20054B7C0 /* blueArrow.png in Resources */,
				84C195D617E342B20054B7C0 /* blueArrow@2x.png in Resources */,
				84C195D717E342B20054B7C0 /* helveticaneuecyrthin.ttf in Resources */,
				84C195E817E342C70054B7C0 /* Background.png in Resources */,
				84C195E917E342C70054B7C0 /* Background@2x.png in Resources */,
				84C195EA17E342C70054B7C0 /* Default-568h@2x.png in Resources */,
				84C195EB17E342C70054B7C0 /* Default.png in Resources */,
				84C195EC17E342C70054B7C0 /* Default@2x.png in Resources */,
				84C195ED17E342C70054B7C0 /* icon144.png in Resources */,
				84C195EE17E342C70054B7C0 /* icon57.png in Resources */,
			);
			runOnlyForDeploymentPostprocessing = 0;
		};
		84A4DCFE17E1E5AF00E75D27 /* Resources */ = {
			isa = PBXResourcesBuildPhase;
			buildActionMask = 2147483647;
			files = (
				84A4DCFF17E1E5AF00E75D27 /* InfoPlist.strings in Resources */,
				84A4DD0317E1E5AF00E75D27 /* ViewController.xib in Resources */,
				84C1958617E341A10054B7C0 /* BraggingRightsSilver-Info.plist in Resources */,
				84C1959D17E342310054B7C0 /* README.md in Resources */,
				84C195D817E342B30054B7C0 /* blueArrow.png in Resources */,
				84C195D917E342B30054B7C0 /* blueArrow@2x.png in Resources */,
				84C195DA17E342B30054B7C0 /* helveticaneuecyrthin.ttf in Resources */,
				84C195EF17E342CD0054B7C0 /* Background.png in Resources */,
				84C195F017E342CD0054B7C0 /* Background@2x.png in Resources */,
				84C195F117E342CD0054B7C0 /* Default-568h@2x.png in Resources */,
				84C195F217E342CD0054B7C0 /* Default.png in Resources */,
				84C195F317E342CD0054B7C0 /* Default@2x.png in Resources */,
				84C195F417E342CD0054B7C0 /* icon144.png in Resources */,
				84C195F517E342CD0054B7C0 /* icon57.png in Resources */,
			);
			runOnlyForDeploymentPostprocessing = 0;
		};
		84A4DD2317E1E5B300E75D27 /* Resources */ = {
			isa = PBXResourcesBuildPhase;
			buildActionMask = 2147483647;
			files = (
				84A4DD2417E1E5B300E75D27 /* InfoPlist.strings in Resources */,
				84A4DD2817E1E5B300E75D27 /* ViewController.xib in Resources */,
				84C1958217E341A10054B7C0 /* BraggingRightsPlatinum-Info.plist in Resources */,
				84C1959E17E342310054B7C0 /* README.md in Resources */,
				84C195DB17E342B30054B7C0 /* blueArrow.png in Resources */,
				84C195DC17E342B30054B7C0 /* blueArrow@2x.png in Resources */,
				84C195DD17E342B30054B7C0 /* helveticaneuecyrthin.ttf in Resources */,
				84C195F617E342D10054B7C0 /* Background.png in Resources */,
				84C195F717E342D10054B7C0 /* Background@2x.png in Resources */,
				84C195F817E342D10054B7C0 /* Default-568h@2x.png in Resources */,
				84C195F917E342D10054B7C0 /* Default.png in Resources */,
				84C195FA17E342D10054B7C0 /* Default@2x.png in Resources */,
				84C195FB17E342D10054B7C0 /* icon144.png in Resources */,
				84C195FC17E342D10054B7C0 /* icon57.png in Resources */,
			);
			runOnlyForDeploymentPostprocessing = 0;
		};
		84A4DD6C17E1E63200E75D27 /* Resources */ = {
			isa = PBXResourcesBuildPhase;
			buildActionMask = 2147483647;
			files = (
				84A4DD6D17E1E63200E75D27 /* InfoPlist.strings in Resources */,
				84A4DD7117E1E63200E75D27 /* ViewController.xib in Resources */,
				84C1957E17E341A10054B7C0 /* BraggingRightsGold-Info.plist in Resources */,
				84C1959F17E342310054B7C0 /* README.md in Resources */,
				84C195DE17E342B30054B7C0 /* blueArrow.png in Resources */,
				84C195DF17E342B30054B7C0 /* blueArrow@2x.png in Resources */,
				84C195E017E342B30054B7C0 /* helveticaneuecyrthin.ttf in Resources */,
				84C195FD17E342D50054B7C0 /* Background.png in Resources */,
				84C195FE17E342D50054B7C0 /* Background@2x.png in Resources */,
				84C195FF17E342D50054B7C0 /* Default-568h@2x.png in Resources */,
				84C1960017E342D50054B7C0 /* Default.png in Resources */,
				84C1960117E342D50054B7C0 /* Default@2x.png in Resources */,
				84C1960217E342D50054B7C0 /* icon144.png in Resources */,
				84C1960317E342D50054B7C0 /* icon57.png in Resources */,
			);
			runOnlyForDeploymentPostprocessing = 0;
		};
/* End PBXResourcesBuildPhase section */

/* Begin PBXSourcesBuildPhase section */
		846F676417E064CE00CCBAA0 /* Sources */ = {
			isa = PBXSourcesBuildPhase;
			buildActionMask = 2147483647;
			files = (
				846F677817E064CE00CCBAA0 /* main.m in Sources */,
				846F677C17E064CE00CCBAA0 /* AppDelegate.m in Sources */,
				846F678517E064CE00CCBAA0 /* ViewController.m in Sources */,
				8489CA4217E108E800C215D2 /* LabelThin.m in Sources */,
			);
			runOnlyForDeploymentPostprocessing = 0;
		};
		84A4DCC717E1DDA600E75D27 /* Sources */ = {
			isa = PBXSourcesBuildPhase;
			buildActionMask = 2147483647;
			files = (
				84A4DCC817E1DDA600E75D27 /* main.m in Sources */,
				84A4DCC917E1DDA600E75D27 /* AppDelegate.m in Sources */,
				84A4DCCA17E1DDA600E75D27 /* ViewController.m in Sources */,
				84A4DCCB17E1DDA600E75D27 /* LabelThin.m in Sources */,
			);
			runOnlyForDeploymentPostprocessing = 0;
		};
		84A4DCEC17E1E5AF00E75D27 /* Sources */ = {
			isa = PBXSourcesBuildPhase;
			buildActionMask = 2147483647;
			files = (
				84A4DCED17E1E5AF00E75D27 /* main.m in Sources */,
				84A4DCEE17E1E5AF00E75D27 /* AppDelegate.m in Sources */,
				84A4DCEF17E1E5AF00E75D27 /* ViewController.m in Sources */,
				84A4DCF017E1E5AF00E75D27 /* LabelThin.m in Sources */,
			);
			runOnlyForDeploymentPostprocessing = 0;
		};
		84A4DD1117E1E5B300E75D27 /* Sources */ = {
			isa = PBXSourcesBuildPhase;
			buildActionMask = 2147483647;
			files = (
				84A4DD1217E1E5B300E75D27 /* main.m in Sources */,
				84A4DD1317E1E5B300E75D27 /* AppDelegate.m in Sources */,
				84A4DD1417E1E5B300E75D27 /* ViewController.m in Sources */,
				84A4DD1517E1E5B300E75D27 /* LabelThin.m in Sources */,
			);
			runOnlyForDeploymentPostprocessing = 0;
		};
		84A4DD5A17E1E63200E75D27 /* Sources */ = {
			isa = PBXSourcesBuildPhase;
			buildActionMask = 2147483647;
			files = (
				84A4DD5B17E1E63200E75D27 /* main.m in Sources */,
				84A4DD5C17E1E63200E75D27 /* AppDelegate.m in Sources */,
				84A4DD5D17E1E63200E75D27 /* ViewController.m in Sources */,
				84A4DD5E17E1E63200E75D27 /* LabelThin.m in Sources */,
			);
			runOnlyForDeploymentPostprocessing = 0;
		};
/* End PBXSourcesBuildPhase section */

/* Begin PBXVariantGroup section */
		846F677417E064CE00CCBAA0 /* InfoPlist.strings */ = {
			isa = PBXVariantGroup;
			children = (
				846F677517E064CE00CCBAA0 /* en */,
			);
			name = InfoPlist.strings;
			sourceTree = "<group>";
		};
		846F678617E064CE00CCBAA0 /* ViewController.xib */ = {
			isa = PBXVariantGroup;
			children = (
				846F678717E064CE00CCBAA0 /* en */,
			);
			name = ViewController.xib;
			sourceTree = "<group>";
		};
/* End PBXVariantGroup section */

/* Begin XCBuildConfiguration section */
		846F678917E064CE00CCBAA0 /* Debug */ = {
			isa = XCBuildConfiguration;
			buildSettings = {
				ALWAYS_SEARCH_USER_PATHS = YES;
				CLANG_CXX_LANGUAGE_STANDARD = "gnu++0x";
				CLANG_CXX_LIBRARY = "libc++";
				CLANG_ENABLE_OBJC_ARC = YES;
				CLANG_WARN_CONSTANT_CONVERSION = YES;
				CLANG_WARN_EMPTY_BODY = YES;
				CLANG_WARN_ENUM_CONVERSION = YES;
				CLANG_WARN_INT_CONVERSION = YES;
				CLANG_WARN__DUPLICATE_METHOD_MATCH = YES;
				"CODE_SIGN_IDENTITY[sdk=iphoneos*]" = "iPhone Developer";
				COPY_PHASE_STRIP = NO;
				FRAMEWORK_SEARCH_PATHS = "iBragBronze/Frameworks/FacebookSDK.framework/**";
				GCC_C_LANGUAGE_STANDARD = gnu99;
				GCC_DYNAMIC_NO_PIC = NO;
				GCC_OPTIMIZATION_LEVEL = 0;
				GCC_PREPROCESSOR_DEFINITIONS = (
					"DEBUG=1",
					"$(inherited)",
				);
				GCC_SYMBOLS_PRIVATE_EXTERN = NO;
				GCC_WARN_ABOUT_RETURN_TYPE = YES;
				GCC_WARN_UNINITIALIZED_AUTOS = YES;
				GCC_WARN_UNUSED_VARIABLE = YES;
				IPHONEOS_DEPLOYMENT_TARGET = 5.0;
				ONLY_ACTIVE_ARCH = YES;
				SDKROOT = iphoneos;
			};
			name = Debug;
		};
		846F678A17E064CE00CCBAA0 /* Release */ = {
			isa = XCBuildConfiguration;
			buildSettings = {
				ALWAYS_SEARCH_USER_PATHS = YES;
				CLANG_CXX_LANGUAGE_STANDARD = "gnu++0x";
				CLANG_CXX_LIBRARY = "libc++";
				CLANG_ENABLE_OBJC_ARC = YES;
				CLANG_WARN_CONSTANT_CONVERSION = YES;
				CLANG_WARN_EMPTY_BODY = YES;
				CLANG_WARN_ENUM_CONVERSION = YES;
				CLANG_WARN_INT_CONVERSION = YES;
				CLANG_WARN__DUPLICATE_METHOD_MATCH = YES;
				"CODE_SIGN_IDENTITY[sdk=iphoneos*]" = "iPhone Developer";
				COPY_PHASE_STRIP = YES;
				FRAMEWORK_SEARCH_PATHS = "iBragBronze/Frameworks/FacebookSDK.framework/**";
				GCC_C_LANGUAGE_STANDARD = gnu99;
				GCC_WARN_ABOUT_RETURN_TYPE = YES;
				GCC_WARN_UNINITIALIZED_AUTOS = YES;
				GCC_WARN_UNUSED_VARIABLE = YES;
				IPHONEOS_DEPLOYMENT_TARGET = 5.0;
				OTHER_CFLAGS = "-DNS_BLOCK_ASSERTIONS=1";
				SDKROOT = iphoneos;
				VALIDATE_PRODUCT = YES;
			};
			name = Release;
		};
		846F678C17E064CE00CCBAA0 /* Debug */ = {
			isa = XCBuildConfiguration;
			buildSettings = {
				FRAMEWORK_SEARCH_PATHS = (
					"$(inherited)",
					"\"$(SRCROOT)/FacebookSDK\"",
					"\"$(SRCROOT)\"",
					"\"$(SRCROOT)/iBragBronze/Frameworks\"",
				);
				GCC_PRECOMPILE_PREFIX_HEADER = YES;
				GCC_PREFIX_HEADER = "iBragBronze/iBrag-Prefix.pch";
				INFOPLIST_FILE = "iBragBronze/Plists/BraggingRightsBronze-Info.plist";
				IPHONEOS_DEPLOYMENT_TARGET = 5.0;
				LIBRARY_SEARCH_PATHS = (
					"$(inherited)",
					"\"$(SRCROOT)\"",
					"\"$(SRCROOT)/iBragBronze/Flurry\"",
					"\"$(SRCROOT)/iBragBronze/Chartboost\"",
					"\"$(SRCROOT)/iBragBronze/Frameworks/Chartboost\"",
					"\"$(SRCROOT)/iBragBronze/Frameworks/Flurry\"",
				);
				OTHER_CFLAGS = "-DBRONZE";
				PRODUCT_NAME = BraggingRightsBronze;
				WRAPPER_EXTENSION = app;
			};
			name = Debug;
		};
		846F678D17E064CE00CCBAA0 /* Release */ = {
			isa = XCBuildConfiguration;
			buildSettings = {
				FRAMEWORK_SEARCH_PATHS = (
					"$(inherited)",
					"\"$(SRCROOT)/FacebookSDK\"",
					"\"$(SRCROOT)\"",
					"\"$(SRCROOT)/iBragBronze/Frameworks\"",
				);
				GCC_PRECOMPILE_PREFIX_HEADER = YES;
				GCC_PREFIX_HEADER = "iBragBronze/iBrag-Prefix.pch";
				INFOPLIST_FILE = "iBragBronze/Plists/BraggingRightsBronze-Info.plist";
				IPHONEOS_DEPLOYMENT_TARGET = 5.0;
				LIBRARY_SEARCH_PATHS = (
					"$(inherited)",
					"\"$(SRCROOT)\"",
					"\"$(SRCROOT)/iBragBronze/Flurry\"",
					"\"$(SRCROOT)/iBragBronze/Chartboost\"",
					"\"$(SRCROOT)/iBragBronze/Frameworks/Chartboost\"",
					"\"$(SRCROOT)/iBragBronze/Frameworks/Flurry\"",
				);
				OTHER_CFLAGS = (
					"-DNS_BLOCK_ASSERTIONS=1",
					"-DBRONZE",
				);
				PRODUCT_NAME = BraggingRightsBronze;
				WRAPPER_EXTENSION = app;
			};
			name = Release;
		};
		8489CC4517E12D5800C215D2 /* AdHoc */ = {
			isa = XCBuildConfiguration;
			buildSettings = {
				ALWAYS_SEARCH_USER_PATHS = YES;
				CLANG_CXX_LANGUAGE_STANDARD = "gnu++0x";
				CLANG_CXX_LIBRARY = "libc++";
				CLANG_ENABLE_OBJC_ARC = YES;
				CLANG_WARN_CONSTANT_CONVERSION = YES;
				CLANG_WARN_EMPTY_BODY = YES;
				CLANG_WARN_ENUM_CONVERSION = YES;
				CLANG_WARN_INT_CONVERSION = YES;
				CLANG_WARN__DUPLICATE_METHOD_MATCH = YES;
				CODE_SIGN_IDENTITY = "iPhone Distribution";
				"CODE_SIGN_IDENTITY[sdk=iphoneos*]" = "iPhone Distribution";
				COPY_PHASE_STRIP = YES;
				FRAMEWORK_SEARCH_PATHS = "iBragBronze/Frameworks/FacebookSDK.framework/**";
				GCC_C_LANGUAGE_STANDARD = gnu99;
				GCC_WARN_ABOUT_RETURN_TYPE = YES;
				GCC_WARN_UNINITIALIZED_AUTOS = YES;
				GCC_WARN_UNUSED_VARIABLE = YES;
				IPHONEOS_DEPLOYMENT_TARGET = 5.0;
				OTHER_CFLAGS = "-DNS_BLOCK_ASSERTIONS=1";
				PROVISIONING_PROFILE = "";
				"PROVISIONING_PROFILE[sdk=iphoneos*]" = "";
				SDKROOT = iphoneos;
				VALIDATE_PRODUCT = YES;
			};
			name = AdHoc;
		};
		8489CC4617E12D5800C215D2 /* AdHoc */ = {
			isa = XCBuildConfiguration;
			buildSettings = {
				FRAMEWORK_SEARCH_PATHS = (
					"$(inherited)",
					"\"$(SRCROOT)/FacebookSDK\"",
					"\"$(SRCROOT)\"",
					"\"$(SRCROOT)/iBragBronze/Frameworks\"",
				);
				GCC_PRECOMPILE_PREFIX_HEADER = YES;
				GCC_PREFIX_HEADER = "iBragBronze/iBrag-Prefix.pch";
				INFOPLIST_FILE = "iBragBronze/Plists/BraggingRightsBronze-Info.plist";
				IPHONEOS_DEPLOYMENT_TARGET = 5.0;
				LIBRARY_SEARCH_PATHS = (
					"$(inherited)",
					"\"$(SRCROOT)\"",
					"\"$(SRCROOT)/iBragBronze/Flurry\"",
					"\"$(SRCROOT)/iBragBronze/Chartboost\"",
					"\"$(SRCROOT)/iBragBronze/Frameworks/Chartboost\"",
					"\"$(SRCROOT)/iBragBronze/Frameworks/Flurry\"",
				);
				OTHER_CFLAGS = (
					"-DNS_BLOCK_ASSERTIONS=1",
					"-DBRONZE",
				);
				PRODUCT_NAME = BraggingRightsBronze;
				WRAPPER_EXTENSION = app;
			};
			name = AdHoc;
		};
		84A4DCE617E1DDA600E75D27 /* Debug */ = {
			isa = XCBuildConfiguration;
			buildSettings = {
				FRAMEWORK_SEARCH_PATHS = (
					"$(inherited)",
					"\"$(SRCROOT)/FacebookSDK\"",
					"\"$(SRCROOT)\"",
					"\"$(SRCROOT)/iBragBronze/Frameworks\"",
				);
				GCC_PRECOMPILE_PREFIX_HEADER = YES;
				GCC_PREFIX_HEADER = "iBragBronze/iBrag-Prefix.pch";
				INFOPLIST_FILE = "iBragBronze/Plists/BraggingRightsBlack-Info.plist";
				IPHONEOS_DEPLOYMENT_TARGET = 5.0;
				LIBRARY_SEARCH_PATHS = (
					"$(inherited)",
					"\"$(SRCROOT)\"",
					"\"$(SRCROOT)/iBragBronze/Flurry\"",
					"\"$(SRCROOT)/iBragBronze/Chartboost\"",
					"\"$(SRCROOT)/iBragBronze/Frameworks/Chartboost\"",
					"\"$(SRCROOT)/iBragBronze/Frameworks/Flurry\"",
				);
				OTHER_CFLAGS = "-DBLACK";
				PRODUCT_NAME = BraggingRightsBlack;
				WRAPPER_EXTENSION = app;
			};
			name = Debug;
		};
		84A4DCE717E1DDA600E75D27 /* Release */ = {
			isa = XCBuildConfiguration;
			buildSettings = {
				FRAMEWORK_SEARCH_PATHS = (
					"$(inherited)",
					"\"$(SRCROOT)/FacebookSDK\"",
					"\"$(SRCROOT)\"",
					"\"$(SRCROOT)/iBragBronze/Frameworks\"",
				);
				GCC_PRECOMPILE_PREFIX_HEADER = YES;
				GCC_PREFIX_HEADER = "iBragBronze/iBrag-Prefix.pch";
				INFOPLIST_FILE = "iBragBronze/Plists/BraggingRightsBlack-Info.plist";
				IPHONEOS_DEPLOYMENT_TARGET = 5.0;
				LIBRARY_SEARCH_PATHS = (
					"$(inherited)",
					"\"$(SRCROOT)\"",
					"\"$(SRCROOT)/iBragBronze/Flurry\"",
					"\"$(SRCROOT)/iBragBronze/Chartboost\"",
					"\"$(SRCROOT)/iBragBronze/Frameworks/Chartboost\"",
					"\"$(SRCROOT)/iBragBronze/Frameworks/Flurry\"",
				);
				OTHER_CFLAGS = (
					"-DNS_BLOCK_ASSERTIONS=1",
					"-DBLACK",
				);
				PRODUCT_NAME = BraggingRightsBlack;
				WRAPPER_EXTENSION = app;
			};
			name = Release;
		};
		84A4DCE817E1DDA600E75D27 /* AdHoc */ = {
			isa = XCBuildConfiguration;
			buildSettings = {
				FRAMEWORK_SEARCH_PATHS = (
					"$(inherited)",
					"\"$(SRCROOT)/FacebookSDK\"",
					"\"$(SRCROOT)\"",
					"\"$(SRCROOT)/iBragBronze/Frameworks\"",
				);
				GCC_PRECOMPILE_PREFIX_HEADER = YES;
				GCC_PREFIX_HEADER = "iBragBronze/iBrag-Prefix.pch";
				INFOPLIST_FILE = "iBragBronze/Plists/BraggingRightsBlack-Info.plist";
				IPHONEOS_DEPLOYMENT_TARGET = 5.0;
				LIBRARY_SEARCH_PATHS = (
					"$(inherited)",
					"\"$(SRCROOT)\"",
					"\"$(SRCROOT)/iBragBronze/Flurry\"",
					"\"$(SRCROOT)/iBragBronze/Chartboost\"",
					"\"$(SRCROOT)/iBragBronze/Frameworks/Chartboost\"",
					"\"$(SRCROOT)/iBragBronze/Frameworks/Flurry\"",
				);
				OTHER_CFLAGS = (
					"-DNS_BLOCK_ASSERTIONS=1",
					"-DBLACK",
				);
				PRODUCT_NAME = BraggingRightsBlack;
				WRAPPER_EXTENSION = app;
			};
			name = AdHoc;
		};
		84A4DD0B17E1E5AF00E75D27 /* Debug */ = {
			isa = XCBuildConfiguration;
			buildSettings = {
				FRAMEWORK_SEARCH_PATHS = (
					"$(inherited)",
					"\"$(SRCROOT)/FacebookSDK\"",
					"\"$(SRCROOT)\"",
					"\"$(SRCROOT)/iBragBronze/Frameworks\"",
				);
				GCC_PRECOMPILE_PREFIX_HEADER = YES;
				GCC_PREFIX_HEADER = "iBragBronze/iBrag-Prefix.pch";
				INFOPLIST_FILE = "iBragBronze/Plists/BraggingRightsSilver-Info.plist";
				IPHONEOS_DEPLOYMENT_TARGET = 5.0;
				LIBRARY_SEARCH_PATHS = (
					"$(inherited)",
					"\"$(SRCROOT)\"",
					"\"$(SRCROOT)/iBragBronze/Flurry\"",
					"\"$(SRCROOT)/iBragBronze/Chartboost\"",
					"\"$(SRCROOT)/iBragBronze/Frameworks/Chartboost\"",
					"\"$(SRCROOT)/iBragBronze/Frameworks/Flurry\"",
				);
				OTHER_CFLAGS = "-DSILVER";
				PRODUCT_NAME = BraggingRightsSilver;
				WRAPPER_EXTENSION = app;
			};
			name = Debug;
		};
		84A4DD0C17E1E5AF00E75D27 /* Release */ = {
			isa = XCBuildConfiguration;
			buildSettings = {
				FRAMEWORK_SEARCH_PATHS = (
					"$(inherited)",
					"\"$(SRCROOT)/FacebookSDK\"",
					"\"$(SRCROOT)\"",
					"\"$(SRCROOT)/iBragBronze/Frameworks\"",
				);
				GCC_PRECOMPILE_PREFIX_HEADER = YES;
				GCC_PREFIX_HEADER = "iBragBronze/iBrag-Prefix.pch";
				INFOPLIST_FILE = "iBragBronze/Plists/BraggingRightsSilver-Info.plist";
				IPHONEOS_DEPLOYMENT_TARGET = 5.0;
				LIBRARY_SEARCH_PATHS = (
					"$(inherited)",
					"\"$(SRCROOT)\"",
					"\"$(SRCROOT)/iBragBronze/Flurry\"",
					"\"$(SRCROOT)/iBragBronze/Chartboost\"",
					"\"$(SRCROOT)/iBragBronze/Frameworks/Chartboost\"",
					"\"$(SRCROOT)/iBragBronze/Frameworks/Flurry\"",
				);
				OTHER_CFLAGS = (
					"-DNS_BLOCK_ASSERTIONS=1",
					"-DSILVER",
				);
				PRODUCT_NAME = BraggingRightsSilver;
				WRAPPER_EXTENSION = app;
			};
			name = Release;
		};
		84A4DD0D17E1E5AF00E75D27 /* AdHoc */ = {
			isa = XCBuildConfiguration;
			buildSettings = {
				FRAMEWORK_SEARCH_PATHS = (
					"$(inherited)",
					"\"$(SRCROOT)/FacebookSDK\"",
					"\"$(SRCROOT)\"",
					"\"$(SRCROOT)/iBragBronze/Frameworks\"",
				);
				GCC_PRECOMPILE_PREFIX_HEADER = YES;
				GCC_PREFIX_HEADER = "iBragBronze/iBrag-Prefix.pch";
				INFOPLIST_FILE = "iBragBronze/Plists/BraggingRightsSilver-Info.plist";
				IPHONEOS_DEPLOYMENT_TARGET = 5.0;
				LIBRARY_SEARCH_PATHS = (
					"$(inherited)",
					"\"$(SRCROOT)\"",
					"\"$(SRCROOT)/iBragBronze/Flurry\"",
					"\"$(SRCROOT)/iBragBronze/Chartboost\"",
					"\"$(SRCROOT)/iBragBronze/Frameworks/Chartboost\"",
					"\"$(SRCROOT)/iBragBronze/Frameworks/Flurry\"",
				);
				OTHER_CFLAGS = (
					"-DNS_BLOCK_ASSERTIONS=1",
					"-DSILVER",
				);
				PRODUCT_NAME = BraggingRightsSilver;
				WRAPPER_EXTENSION = app;
			};
			name = AdHoc;
		};
		84A4DD3017E1E5B300E75D27 /* Debug */ = {
			isa = XCBuildConfiguration;
			buildSettings = {
				FRAMEWORK_SEARCH_PATHS = (
					"$(inherited)",
					"\"$(SRCROOT)/FacebookSDK\"",
					"\"$(SRCROOT)\"",
					"\"$(SRCROOT)/iBragBronze/Frameworks\"",
				);
				GCC_PRECOMPILE_PREFIX_HEADER = YES;
				GCC_PREFIX_HEADER = "iBragBronze/iBrag-Prefix.pch";
				INFOPLIST_FILE = "iBragBronze/Plists/BraggingRightsPlatinum-Info.plist";
				IPHONEOS_DEPLOYMENT_TARGET = 5.0;
				LIBRARY_SEARCH_PATHS = (
					"$(inherited)",
					"\"$(SRCROOT)\"",
					"\"$(SRCROOT)/iBragBronze/Flurry\"",
					"\"$(SRCROOT)/iBragBronze/Chartboost\"",
					"\"$(SRCROOT)/iBragBronze/Frameworks/Chartboost\"",
					"\"$(SRCROOT)/iBragBronze/Frameworks/Flurry\"",
				);
				OTHER_CFLAGS = "-DPLATINUM";
				PRODUCT_NAME = BraggingRightsPlatinum;
				WRAPPER_EXTENSION = app;
			};
			name = Debug;
		};
		84A4DD3117E1E5B300E75D27 /* Release */ = {
			isa = XCBuildConfiguration;
			buildSettings = {
				FRAMEWORK_SEARCH_PATHS = (
					"$(inherited)",
					"\"$(SRCROOT)/FacebookSDK\"",
					"\"$(SRCROOT)\"",
					"\"$(SRCROOT)/iBragBronze/Frameworks\"",
				);
				GCC_PRECOMPILE_PREFIX_HEADER = YES;
				GCC_PREFIX_HEADER = "iBragBronze/iBrag-Prefix.pch";
				INFOPLIST_FILE = "iBragBronze/Plists/BraggingRightsPlatinum-Info.plist";
				IPHONEOS_DEPLOYMENT_TARGET = 5.0;
				LIBRARY_SEARCH_PATHS = (
					"$(inherited)",
					"\"$(SRCROOT)\"",
					"\"$(SRCROOT)/iBragBronze/Flurry\"",
					"\"$(SRCROOT)/iBragBronze/Chartboost\"",
					"\"$(SRCROOT)/iBragBronze/Frameworks/Chartboost\"",
					"\"$(SRCROOT)/iBragBronze/Frameworks/Flurry\"",
				);
				OTHER_CFLAGS = (
					"-DNS_BLOCK_ASSERTIONS=1",
					"-DPLATINUM",
				);
				PRODUCT_NAME = BraggingRightsPlatinum;
				WRAPPER_EXTENSION = app;
			};
			name = Release;
		};
		84A4DD3217E1E5B300E75D27 /* AdHoc */ = {
			isa = XCBuildConfiguration;
			buildSettings = {
				FRAMEWORK_SEARCH_PATHS = (
					"$(inherited)",
					"\"$(SRCROOT)/FacebookSDK\"",
					"\"$(SRCROOT)\"",
					"\"$(SRCROOT)/iBragBronze/Frameworks\"",
				);
				GCC_PRECOMPILE_PREFIX_HEADER = YES;
				GCC_PREFIX_HEADER = "iBragBronze/iBrag-Prefix.pch";
				INFOPLIST_FILE = "iBragBronze/Plists/BraggingRightsPlatinum-Info.plist";
				IPHONEOS_DEPLOYMENT_TARGET = 5.0;
				LIBRARY_SEARCH_PATHS = (
					"$(inherited)",
					"\"$(SRCROOT)\"",
					"\"$(SRCROOT)/iBragBronze/Flurry\"",
					"\"$(SRCROOT)/iBragBronze/Chartboost\"",
					"\"$(SRCROOT)/iBragBronze/Frameworks/Chartboost\"",
					"\"$(SRCROOT)/iBragBronze/Frameworks/Flurry\"",
				);
				OTHER_CFLAGS = (
					"-DNS_BLOCK_ASSERTIONS=1",
					"-DPLATINUM",
				);
				PRODUCT_NAME = BraggingRightsPlatinum;
				WRAPPER_EXTENSION = app;
			};
			name = AdHoc;
		};
		84A4DD7917E1E63200E75D27 /* Debug */ = {
			isa = XCBuildConfiguration;
			buildSettings = {
				FRAMEWORK_SEARCH_PATHS = (
					"$(inherited)",
					"\"$(SRCROOT)/FacebookSDK\"",
					"\"$(SRCROOT)\"",
					"\"$(SRCROOT)/iBragBronze/Frameworks\"",
				);
				GCC_PRECOMPILE_PREFIX_HEADER = YES;
				GCC_PREFIX_HEADER = "iBragBronze/iBrag-Prefix.pch";
				INFOPLIST_FILE = "iBragBronze/Plists/BraggingRightsGold-Info.plist";
				IPHONEOS_DEPLOYMENT_TARGET = 5.0;
				LIBRARY_SEARCH_PATHS = (
					"$(inherited)",
					"\"$(SRCROOT)\"",
					"\"$(SRCROOT)/iBragBronze/Flurry\"",
					"\"$(SRCROOT)/iBragBronze/Chartboost\"",
					"\"$(SRCROOT)/iBragBronze/Frameworks/Chartboost\"",
					"\"$(SRCROOT)/iBragBronze/Frameworks/Flurry\"",
				);
				OTHER_CFLAGS = "-DGOLD";
				PRODUCT_NAME = BraggingRightsGold;
				WRAPPER_EXTENSION = app;
			};
			name = Debug;
		};
		84A4DD7A17E1E63200E75D27 /* Release */ = {
			isa = XCBuildConfiguration;
			buildSettings = {
				FRAMEWORK_SEARCH_PATHS = (
					"$(inherited)",
					"\"$(SRCROOT)/FacebookSDK\"",
					"\"$(SRCROOT)\"",
					"\"$(SRCROOT)/iBragBronze/Frameworks\"",
				);
				GCC_PRECOMPILE_PREFIX_HEADER = YES;
				GCC_PREFIX_HEADER = "iBragBronze/iBrag-Prefix.pch";
				INFOPLIST_FILE = "iBragBronze/Plists/BraggingRightsGold-Info.plist";
				IPHONEOS_DEPLOYMENT_TARGET = 5.0;
				LIBRARY_SEARCH_PATHS = (
					"$(inherited)",
					"\"$(SRCROOT)\"",
					"\"$(SRCROOT)/iBragBronze/Flurry\"",
					"\"$(SRCROOT)/iBragBronze/Chartboost\"",
					"\"$(SRCROOT)/iBragBronze/Frameworks/Chartboost\"",
					"\"$(SRCROOT)/iBragBronze/Frameworks/Flurry\"",
				);
				OTHER_CFLAGS = (
					"-DNS_BLOCK_ASSERTIONS=1",
					"-DGOLD",
				);
				PRODUCT_NAME = BraggingRightsGold;
				WRAPPER_EXTENSION = app;
			};
			name = Release;
		};
		84A4DD7B17E1E63200E75D27 /* AdHoc */ = {
			isa = XCBuildConfiguration;
			buildSettings = {
				FRAMEWORK_SEARCH_PATHS = (
					"$(inherited)",
					"\"$(SRCROOT)/FacebookSDK\"",
					"\"$(SRCROOT)\"",
					"\"$(SRCROOT)/iBragBronze/Frameworks\"",
				);
				GCC_PRECOMPILE_PREFIX_HEADER = YES;
				GCC_PREFIX_HEADER = "iBragBronze/iBrag-Prefix.pch";
				INFOPLIST_FILE = "iBragBronze/Plists/BraggingRightsGold-Info.plist";
				IPHONEOS_DEPLOYMENT_TARGET = 5.0;
				LIBRARY_SEARCH_PATHS = (
					"$(inherited)",
					"\"$(SRCROOT)\"",
					"\"$(SRCROOT)/iBragBronze/Flurry\"",
					"\"$(SRCROOT)/iBragBronze/Chartboost\"",
					"\"$(SRCROOT)/iBragBronze/Frameworks/Chartboost\"",
					"\"$(SRCROOT)/iBragBronze/Frameworks/Flurry\"",
				);
				OTHER_CFLAGS = (
					"-DNS_BLOCK_ASSERTIONS=1",
					"-DGOLD",
				);
				PRODUCT_NAME = BraggingRightsGold;
				WRAPPER_EXTENSION = app;
			};
			name = AdHoc;
		};
/* End XCBuildConfiguration section */

/* Begin XCConfigurationList section */
		846F676317E064CE00CCBAA0 /* Build configuration list for PBXProject "iBrag" */ = {
			isa = XCConfigurationList;
			buildConfigurations = (
				846F678917E064CE00CCBAA0 /* Debug */,
				846F678A17E064CE00CCBAA0 /* Release */,
				8489CC4517E12D5800C215D2 /* AdHoc */,
			);
			defaultConfigurationIsVisible = 0;
			defaultConfigurationName = Release;
		};
		846F678B17E064CE00CCBAA0 /* Build configuration list for PBXNativeTarget "BraggingRightsBronze" */ = {
			isa = XCConfigurationList;
			buildConfigurations = (
				846F678C17E064CE00CCBAA0 /* Debug */,
				846F678D17E064CE00CCBAA0 /* Release */,
				8489CC4617E12D5800C215D2 /* AdHoc */,
			);
			defaultConfigurationIsVisible = 0;
			defaultConfigurationName = Release;
		};
		84A4DCE517E1DDA600E75D27 /* Build configuration list for PBXNativeTarget "BraggingRightsBlack" */ = {
			isa = XCConfigurationList;
			buildConfigurations = (
				84A4DCE617E1DDA600E75D27 /* Debug */,
				84A4DCE717E1DDA600E75D27 /* Release */,
				84A4DCE817E1DDA600E75D27 /* AdHoc */,
			);
			defaultConfigurationIsVisible = 0;
			defaultConfigurationName = Release;
		};
		84A4DD0A17E1E5AF00E75D27 /* Build configuration list for PBXNativeTarget "BraggingRightsSilver" */ = {
			isa = XCConfigurationList;
			buildConfigurations = (
				84A4DD0B17E1E5AF00E75D27 /* Debug */,
				84A4DD0C17E1E5AF00E75D27 /* Release */,
				84A4DD0D17E1E5AF00E75D27 /* AdHoc */,
			);
			defaultConfigurationIsVisible = 0;
			defaultConfigurationName = Release;
		};
		84A4DD2F17E1E5B300E75D27 /* Build configuration list for PBXNativeTarget "BraggingRightsPlatinum" */ = {
			isa = XCConfigurationList;
			buildConfigurations = (
				84A4DD3017E1E5B300E75D27 /* Debug */,
				84A4DD3117E1E5B300E75D27 /* Release */,
				84A4DD3217E1E5B300E75D27 /* AdHoc */,
			);
			defaultConfigurationIsVisible = 0;
			defaultConfigurationName = Release;
		};
		84A4DD7817E1E63200E75D27 /* Build configuration list for PBXNativeTarget "BraggingRightsGold" */ = {
			isa = XCConfigurationList;
			buildConfigurations = (
				84A4DD7917E1E63200E75D27 /* Debug */,
				84A4DD7A17E1E63200E75D27 /* Release */,
				84A4DD7B17E1E63200E75D27 /* AdHoc */,
			);
			defaultConfigurationIsVisible = 0;
			defaultConfigurationName = Release;
		};
/* End XCConfigurationList section */
	};
	rootObject = 846F676017E064CE00CCBAA0 /* Project object */;
}
